# Generated by conda-lock.
# platform: osx-64
# input_hash: 98ca81771c6cb60b16efba51c3399fa21bd5e8503cb51921599e5834dc37e159
@EXPLICIT
https://conda.anaconda.org/conda-forge/osx-64/_py-xgboost-mutex-2.0-cpu_0.tar.bz2#96dd44c2471a638fb9cdc40aa2573d1b
https://conda.anaconda.org/conda-forge/osx-64/ca-certificates-2024.8.30-h8857fd0_0.conda#b7e5424e7f06547a903d28e4651dbb21
https://conda.anaconda.org/conda-forge/osx-64/dart-sass-1.58.3-h694c41f_1.conda#5151299fff69a62e792c79d1b726a470
https://conda.anaconda.org/conda-forge/osx-64/esbuild-0.24.0-h694c41f_0.conda#ed8675524721c7bfb14bb3d92e7ef9cb
https://conda.anaconda.org/conda-forge/noarch/font-ttf-dejavu-sans-mono-2.37-hab24e00_0.tar.bz2#0c96522c6bdaed4b1566d11387caaf45
https://conda.anaconda.org/conda-forge/noarch/font-ttf-inconsolata-3.000-h77eed37_0.tar.bz2#34893075a5c9e55cdafac56607368fc6
https://conda.anaconda.org/conda-forge/noarch/font-ttf-source-code-pro-2.038-h77eed37_0.tar.bz2#4d59c254e01d9cde7957100457e2d5fb
https://conda.anaconda.org/conda-forge/noarch/font-ttf-ubuntu-0.83-h77eed37_3.conda#49023d73832ef61042f6a237cb2687e7
https://conda.anaconda.org/conda-forge/osx-64/fribidi-1.0.10-hbcb3906_0.tar.bz2#f1c6b41e0f56998ecd9a3e210faa1dc0
https://conda.anaconda.org/conda-forge/osx-64/libev-4.33-h10d778d_2.conda#899db79329439820b7e8f8de41bca902
https://conda.anaconda.org/conda-forge/osx-64/libffi-3.4.2-h0d85af4_5.tar.bz2#ccb34fb14960ad8b125962d3d79b31a9
https://conda.anaconda.org/conda-forge/osx-64/libiconv-1.17-hd75f5a5_2.conda#6c3628d047e151efba7cf08c5e54d1ca
https://conda.anaconda.org/conda-forge/osx-64/libjpeg-turbo-3.0.0-h0dc2134_1.conda#72507f8e3961bc968af17435060b6dd6
https://conda.anaconda.org/conda-forge/osx-64/libwebp-base-1.4.0-h10d778d_0.conda#b2c0047ea73819d992484faacbbe1c24
https://conda.anaconda.org/conda-forge/osx-64/pandoc-3.2-h694c41f_0.conda#e2c54cad9c955434dbfe89fc655e516d
https://conda.anaconda.org/conda-forge/osx-64/python_abi-3.11-5_cp311.conda#e6d62858c06df0be0e6255c753d74787
https://conda.anaconda.org/conda-forge/osx-64/typst-0.11.0-h11a7dfb_0.conda#ec223d03456b9eedef3b2ee5af215904
https://conda.anaconda.org/conda-forge/noarch/tzdata-2024b-hc8b5060_0.conda#8ac3367aafb1cc0a068483c580af8015
https://conda.anaconda.org/conda-forge/osx-64/yaml-0.2.5-h0d85af4_2.tar.bz2#d7e08fcf8259d742156188e8762b4d20
https://conda.anaconda.org/conda-forge/osx-64/aws-c-common-0.10.5-h6e16a3a_0.conda#f1133c514be2a605f151ceef2aa07d26
https://conda.anaconda.org/conda-forge/osx-64/bzip2-1.0.8-hfdf4475_7.conda#7ed4301d437b59045be7e051a0308211
https://conda.anaconda.org/conda-forge/osx-64/c-ares-1.34.3-hf13058a_1.conda#7d8083876d71fe1316fc18369ee0dc58
https://conda.anaconda.org/conda-forge/osx-64/deno-1.41.0-h86af993_0.conda#361c906c5c3c883956ebb7fa360908d0
https://conda.anaconda.org/conda-forge/noarch/fonts-conda-forge-1-0.tar.bz2#f766549260d6815b0c52253f1fb1bb29
https://conda.anaconda.org/conda-forge/osx-64/icu-75.1-h120a0e1_0.conda#d68d48a3060eb5abdc1cdc8e2a3a5966
https://conda.anaconda.org/conda-forge/osx-64/libbrotlicommon-1.1.0-h00291cd_2.conda#58f2c4bdd56c46cc7451596e4ae68e0b
https://conda.anaconda.org/conda-forge/osx-64/libcxx-19.1.5-hf95d169_0.conda#a20d4ea6839510372d1eeb8532b09acf
https://conda.anaconda.org/conda-forge/osx-64/libdeflate-1.22-h00291cd_0.conda#a15785ccc62ae2a8febd299424081efb
https://conda.anaconda.org/conda-forge/osx-64/libexpat-2.6.4-h240833e_0.conda#20307f4049a735a78a29073be1be2626
https://conda.anaconda.org/conda-forge/osx-64/libintl-0.22.5-hdfe23c8_3.conda#52d4d643ed26c07599736326c46bf12f
https://conda.anaconda.org/conda-forge/osx-64/liblzma-5.6.3-hd471939_1.conda#f9e9205fed9c664421c1c09f0b90ce6d
https://conda.anaconda.org/conda-forge/osx-64/libsodium-1.0.20-hfdf4475_0.conda#6af4b059e26492da6013e79cbcb4d069
https://conda.anaconda.org/conda-forge/osx-64/libutf8proc-2.9.0-h6e16a3a_1.conda#2c6188e92dbde6515162a84329c54f13
https://conda.anaconda.org/conda-forge/osx-64/libzlib-1.3.1-hd23fc13_2.conda#003a54a4e32b02f7355b50a837e699da
https://conda.anaconda.org/conda-forge/osx-64/llvm-openmp-19.1.5-ha54dae1_0.conda#fc0cec628a431e2f87d09e83a3a579e1
https://conda.anaconda.org/conda-forge/osx-64/make-4.4.1-h00291cd_2.conda#59b4ad97bbb36ef5315500d5bde4bcfc
https://conda.anaconda.org/conda-forge/osx-64/ncurses-6.5-hf036a51_1.conda#e102bbf8a6ceeaf429deab8032fc8977
https://conda.anaconda.org/conda-forge/osx-64/openssl-3.4.0-hd471939_0.conda#ec99d2ce0b3033a75cbad01bbc7c5b71
https://conda.anaconda.org/conda-forge/osx-64/pthread-stubs-0.4-h00291cd_1002.conda#8bcf980d2c6b17094961198284b8e862
https://conda.anaconda.org/conda-forge/osx-64/xorg-libxau-1.0.11-h00291cd_1.conda#c6cc91149a08402bbb313c5dc0142567
https://conda.anaconda.org/conda-forge/osx-64/xorg-libxdmcp-1.1.5-h00291cd_0.conda#9f438e1b6f4e73fd9e6d78bfe7c36743
https://conda.anaconda.org/conda-forge/osx-64/aws-c-cal-0.8.1-he95bb1f_2.conda#328e1b987c065a8029a81f13b59d7575
https://conda.anaconda.org/conda-forge/osx-64/aws-c-compression-0.3.0-he95bb1f_4.conda#e7a58830024093f7ac89800b41ac1700
https://conda.anaconda.org/conda-forge/osx-64/aws-c-sdkutils-0.2.1-he95bb1f_3.conda#e9a269191e546e05eb48f8ca63e20eb2
https://conda.anaconda.org/conda-forge/osx-64/aws-checksums-0.2.2-he95bb1f_3.conda#608e9d6ffed4280153dd67f7228d4caa
https://conda.anaconda.org/conda-forge/osx-64/deno-dom-0.1.35-h08cba0f_1.conda#a066a401b756000c623b09113f59f9c1
https://conda.anaconda.org/conda-forge/noarch/fonts-conda-ecosystem-1-0.tar.bz2#fee5683a3f04bd15cbd8318b096a27ab
https://conda.anaconda.org/conda-forge/osx-64/gflags-2.2.2-hac325c4_1005.conda#a26de8814083a6971f14f9c8c3cb36c2
https://conda.anaconda.org/conda-forge/osx-64/graphite2-1.3.13-h73e2aa4_1003.conda#fc7124f86e1d359fc5d878accd9e814c
https://conda.anaconda.org/conda-forge/osx-64/lerc-4.0.0-hb486fe8_0.tar.bz2#f9d6a4c82889d5ecedec1d90eb673c55
https://conda.anaconda.org/conda-forge/osx-64/libabseil-20240722.0-cxx17_hac325c4_1.conda#40373920232a6ac0404eee9cf39a9f09
https://conda.anaconda.org/conda-forge/osx-64/libbrotlidec-1.1.0-h00291cd_2.conda#34709a1f5df44e054c4a12ab536c5459
https://conda.anaconda.org/conda-forge/osx-64/libbrotlienc-1.1.0-h00291cd_2.conda#691f0dcb36f1ae67f5c489f20ae987ea
https://conda.anaconda.org/conda-forge/osx-64/libcrc32c-1.1.2-he49afe7_0.tar.bz2#23d6d5a69918a438355d7cbc4c3d54c9
https://conda.anaconda.org/conda-forge/osx-64/libedit-3.1.20191231-h0678c8f_2.tar.bz2#6016a8a1d0e63cac3de2c352cd40208b
https://conda.anaconda.org/conda-forge/osx-64/libevent-2.1.12-ha90c15b_1.conda#e38e467e577bd193a7d5de7c2c540b04
https://conda.anaconda.org/conda-forge/osx-64/libgfortran5-13.2.0-h2873a65_3.conda#e4fb4d23ec2870ff3c40d10afe305aec
https://conda.anaconda.org/conda-forge/osx-64/libllvm14-14.0.6-hc8e404f_4.conda#ed06753e2ba7c66ed0ca7f19578fcb68
https://conda.anaconda.org/conda-forge/osx-64/liblzma-devel-5.6.3-hd471939_1.conda#370a48ecf97500fa1e92d49e55de3153
https://conda.anaconda.org/conda-forge/osx-64/libnghttp2-1.64.0-hc7306c3_0.conda#ab21007194b97beade22ceb7a3f6fee5
https://conda.anaconda.org/conda-forge/osx-64/libpng-1.6.44-h4b8f8c9_0.conda#f32ac2c8dd390dbf169f550887ed09d9
https://conda.anaconda.org/conda-forge/osx-64/libsqlite-3.47.2-hdb6dae5_0.conda#44d9799fda97eb34f6d88ac1e3eb0ea6
https://conda.anaconda.org/conda-forge/osx-64/libssh2-1.11.1-h3dc7d44_0.conda#b1caec4561059e43a5d056684c5a2de0
https://conda.anaconda.org/conda-forge/osx-64/libxcb-1.17.0-hf1f96e2_0.conda#bbeca862892e2898bdb45792a61c4afc
https://conda.anaconda.org/conda-forge/osx-64/libxgboost-2.1.2-cpu_h63c3a07_2.conda#81de85482833967ee1d41614c5c4c5b9
https://conda.anaconda.org/conda-forge/osx-64/libxml2-2.13.5-hebb159f_1.conda#23c629eba5239465a34bca0ed9c0b5d3
https://conda.anaconda.org/conda-forge/osx-64/lz4-c-1.10.0-h240833e_1.conda#d6b9bd7e356abd7e3a633d59b753495a
https://conda.anaconda.org/conda-forge/osx-64/opencl-headers-2024.10.24-h240833e_0.conda#bfddfbbf317b71372f036c7897d2533e
https://conda.anaconda.org/conda-forge/osx-64/pcre2-10.44-h7634a1b_2.conda#58cde0663f487778bcd7a0c8daf50293
https://conda.anaconda.org/conda-forge/osx-64/pixman-0.44.2-h1fd1274_0.conda#9d3ed4c1a6e21051bf4ce53851acdc96
https://conda.anaconda.org/conda-forge/osx-64/qhull-2020.2-h3c5361c_5.conda#dd1ea9ff27c93db7c01a7b7656bd4ad4
https://conda.anaconda.org/conda-forge/osx-64/readline-8.2-h9e318b2_1.conda#f17f77f2acf4d344734bda76829ce14e
https://conda.anaconda.org/conda-forge/osx-64/snappy-1.2.1-haf3c120_1.conda#9d6ae6d5232233e1a01eb7db524078fb
https://conda.anaconda.org/conda-forge/osx-64/tk-8.6.13-h1abcd95_1.conda#bf830ba5afc507c6232d4ef0fb1a882d
https://conda.anaconda.org/conda-forge/osx-64/xz-gpl-tools-5.6.3-h357f2ed_1.conda#a08d5c883e4c9df9b73afb623a3f94ab
https://conda.anaconda.org/conda-forge/osx-64/xz-tools-5.6.3-hd471939_1.conda#c3b85d24bddf7f6e9d8c917c6d300b43
https://conda.anaconda.org/conda-forge/osx-64/zstd-1.5.6-h915ae27_0.conda#4cb2cd56f039b129bb0e491c1164167e
https://conda.anaconda.org/conda-forge/osx-64/aws-c-io-0.15.3-h09a3188_3.conda#72ceead1c8e19dfe38c29887e7fd7191
https://conda.anaconda.org/conda-forge/osx-64/brotli-bin-1.1.0-h00291cd_2.conda#049933ecbf552479a12c7917f0a4ce59
https://conda.anaconda.org/conda-forge/osx-64/freetype-2.12.1-h60636b9_2.conda#25152fce119320c980e5470e64834b50
https://conda.anaconda.org/conda-forge/osx-64/glog-0.7.1-h2790a97_0.conda#06cf91665775b0da395229cd4331b27d
https://conda.anaconda.org/conda-forge/osx-64/khronos-opencl-icd-loader-2024.10.24-h6e16a3a_1.conda#0c458c33cd3b609c6a64180af46201c9
https://conda.anaconda.org/conda-forge/osx-64/krb5-1.21.3-h37d8d59_0.conda#d4765c524b1d91567886bde656fb514b
https://conda.anaconda.org/conda-forge/osx-64/libboost-1.84.0-hf0da243_7.conda#4e9f002c0b952797d21ef3aa81bf0e5a
https://conda.anaconda.org/conda-forge/osx-64/libgfortran-5.0.0-13_2_0_h97931a8_3.conda#0b6e23a012ee7a9a5f6b244f5a92c1d5
https://conda.anaconda.org/conda-forge/osx-64/libglib-2.82.2-hb6ef654_0.conda#2e0511f82f1481210f148e1205fe2482
https://conda.anaconda.org/conda-forge/osx-64/libprotobuf-5.28.2-h8b30cf6_0.conda#2302089e5bcb04ce891ce765c963befb
https://conda.anaconda.org/conda-forge/osx-64/libre2-11-2024.07.02-hd530cb8_1.conda#1e14c67a5e8a9273a98b83fbc0905b99
https://conda.anaconda.org/conda-forge/osx-64/libthrift-0.21.0-h75589b3_0.conda#7a472cd20d9ae866aeb6e292b33381d6
https://conda.anaconda.org/conda-forge/osx-64/libtiff-4.7.0-hf4bdac2_2.conda#99a4153a4ee19d4902c0c08bfae4cdb4
https://conda.anaconda.org/conda-forge/osx-64/quarto-1.5.57-h694c41f_1.conda#f3c51d792e4923e12cc7cf6a7c8141cb
https://conda.anaconda.org/conda-forge/osx-64/xz-5.6.3-h357f2ed_1.conda#5b8d1e12d8a51a553b59e0957ba08103
https://conda.anaconda.org/conda-forge/osx-64/atk-1.0-2.38.0-h4bec284_2.conda#d9684247c943d492d9aac8687bc5db77
https://conda.anaconda.org/conda-forge/osx-64/aws-c-event-stream-0.5.0-h4d297ec_10.conda#5cde92a593c34bc1c301a44b95a02065
https://conda.anaconda.org/conda-forge/osx-64/aws-c-http-0.9.2-h7221ad0_3.conda#8eecbfb6f7721492f8e4dd852fe53f07
https://conda.anaconda.org/conda-forge/osx-64/brotli-1.1.0-h00291cd_2.conda#2db0c38a7f2321c5bdaf32b181e832c7
https://conda.anaconda.org/conda-forge/osx-64/fontconfig-2.15.0-h37eeddb_1.conda#84ccec5ee37eb03dd352db0a3f89ada3
https://conda.anaconda.org/conda-forge/osx-64/gdk-pixbuf-2.42.12-ha587570_0.conda#ee186d2e8db4605030753dc05025d4a0
https://conda.anaconda.org/conda-forge/osx-64/gts-0.7.6-h53e17e3_4.conda#848cc963fcfbd063c7a023024aa3bec0
https://conda.anaconda.org/conda-forge/osx-64/lcms2-2.16-ha2f27b4_0.conda#1442db8f03517834843666c422238c9b
https://conda.anaconda.org/conda-forge/osx-64/libcurl-8.11.1-h5dec5d8_0.conda#2f80e92674f4a92e9f8401494496ee62
https://conda.anaconda.org/conda-forge/osx-64/liblightgbm-4.5.0-cpu_h84bc62d_3.conda#5140b9452886ef2b52b005b76fb7d780
https://conda.anaconda.org/conda-forge/osx-64/libopenblas-0.3.28-openmp_hbf64a52_1.conda#cd2c572c02a73b88c4d378eb31110e85
https://conda.anaconda.org/conda-forge/osx-64/openjpeg-2.5.3-h7fd6d84_0.conda#025c711177fc3309228ca1a32374458d
https://conda.anaconda.org/conda-forge/osx-64/orc-2.0.3-h4f2608a_1.conda#ac819a8eb43c3abecc593a2521f82192
https://conda.anaconda.org/conda-forge/osx-64/python-3.11.0-he7542f4_1_cpython.conda#9ecfa530b33aefd0d22e0272336f638a
https://conda.anaconda.org/conda-forge/osx-64/re2-2024.07.02-h2fb0a26_1.conda#aa8ea927cdbdf690efeae3e575716131
https://conda.anaconda.org/conda-forge/osx-64/zeromq-4.3.5-h7130eaa_7.conda#6a0a76cd2b3d575e1b7aaeb283b9c3ed
https://conda.anaconda.org/conda-forge/noarch/appnope-0.1.4-pyhd8ed1ab_1.conda#54898d0f524c9dee622d44bbb081a8ab
https://conda.anaconda.org/conda-forge/noarch/asttokens-3.0.0-pyhd8ed1ab_1.conda#8f587de4bcf981e26228f268df374a9b
https://conda.anaconda.org/conda-forge/noarch/attrs-24.2.0-pyh71513ae_1.conda#2018839db45c79654b57a924fcdd27d0
https://conda.anaconda.org/conda-forge/osx-64/aws-c-auth-0.8.0-hbc3a0e7_14.conda#75457d5cd2a3e35a1f1fa2e0b089d2f5
https://conda.anaconda.org/conda-forge/osx-64/aws-c-mqtt-0.11.0-h84bc342_11.conda#2d324961facf7aa129f1319a3782ef50
https://conda.anaconda.org/conda-forge/osx-64/azure-core-cpp-1.14.0-h9a36307_0.conda#1082a031824b12a2be731d600cfa5ccb
https://conda.anaconda.org/conda-forge/osx-64/brotli-python-1.1.0-py311hd89902b_2.conda#d75f06ee06001794aa83a05e885f1520
https://conda.anaconda.org/conda-forge/noarch/cached_property-1.5.2-pyha770c72_1.tar.bz2#576d629e47797577ab0f1b351297ef4a
https://conda.anaconda.org/conda-forge/osx-64/cairo-1.18.2-h950ec3b_1.conda#ae293443dff77ba14eab9e9ee68ec833
https://conda.anaconda.org/conda-forge/osx-64/catalogue-2.0.10-py311h6eed73b_0.conda#6b2f9bd11859c7389ee627c1b065a0d5
https://conda.anaconda.org/conda-forge/noarch/certifi-2024.8.30-pyhd8ed1ab_0.conda#12f7d00853807b0531775e9be891cb11
https://conda.anaconda.org/conda-forge/noarch/charset-normalizer-3.4.0-pyhd8ed1ab_1.conda#6581a17bba6b948bb60130026404a9d6
https://conda.anaconda.org/conda-forge/noarch/click-8.1.7-unix_pyh707e725_1.conda#cb8e52f28f5e592598190c562e7b5bf1
https://conda.anaconda.org/conda-forge/noarch/cloudpickle-3.1.0-pyhd8ed1ab_1.conda#c88ca2bb7099167912e3b26463fff079
https://conda.anaconda.org/conda-forge/noarch/colorama-0.4.6-pyhd8ed1ab_1.conda#962b9857ee8e7018c22f2776ffa0b2d7
https://conda.anaconda.org/conda-forge/noarch/cycler-0.12.1-pyhd8ed1ab_1.conda#44600c4667a319d67dbe0681fc0bc833
https://conda.anaconda.org/conda-forge/osx-64/cymem-2.0.10-py311hc356e98_0.conda#934191a1cbd92576505c4a4602f5c719
https://conda.anaconda.org/conda-forge/osx-64/debugpy-1.8.10-py311hc356e98_0.conda#127d4d44e56529948f86db9ddf30854f
https://conda.anaconda.org/conda-forge/noarch/decorator-5.1.1-pyhd8ed1ab_1.conda#d622d8d7ee8868870f9cbe259f381181
https://conda.anaconda.org/conda-forge/noarch/defusedxml-0.7.1-pyhd8ed1ab_0.tar.bz2#961b3a227b437d82ad7054484cfa71b2
https://conda.anaconda.org/conda-forge/noarch/entrypoints-0.4-pyhd8ed1ab_1.conda#3366592d3c219f2731721f11bc93755c
https://conda.anaconda.org/conda-forge/noarch/exceptiongroup-1.2.2-pyhd8ed1ab_1.conda#a16662747cdeb9abbac74d0057cc976e
https://conda.anaconda.org/conda-forge/noarch/executing-2.1.0-pyhd8ed1ab_1.conda#ef8b5fca76806159fc25b4f48d8737eb
https://conda.anaconda.org/conda-forge/noarch/hpack-4.0.0-pyhd8ed1ab_1.conda#2aa5ff7fa34a81b9196532c84c10d865
https://conda.anaconda.org/conda-forge/noarch/hyperframe-6.0.1-pyhd8ed1ab_1.conda#566e75c90c1d0c8c459eb0ad9833dc7a
https://conda.anaconda.org/conda-forge/noarch/idna-3.10-pyhd8ed1ab_1.conda#39a4f67be3286c86d696df570b1201b7
https://conda.anaconda.org/conda-forge/noarch/iniconfig-2.0.0-pyhd8ed1ab_1.conda#6837f3eff7dcea42ecd714ce1ac2b108
https://conda.anaconda.org/conda-forge/noarch/json5-0.10.0-pyhd8ed1ab_1.conda#cd170f82d8e5b355dfdea6adab23e4af
https://conda.anaconda.org/conda-forge/osx-64/jsonpointer-3.0.0-py311h6eed73b_1.conda#b6c1710105dad14d47001a339cd14da6
https://conda.anaconda.org/conda-forge/noarch/jupyterlab_widgets-3.0.13-pyhd8ed1ab_1.conda#b26e487434032d7f486277beb0cead3a
https://conda.anaconda.org/conda-forge/osx-64/kiwisolver-1.4.7-py311hf2f7c97_0.conda#24b0e3e3444be9fabcc8457c409e297f
https://conda.anaconda.org/conda-forge/osx-64/libblas-3.9.0-25_osx64_openblas.conda#da0a6f87958893e1d2e2bbc7e7a6541f
https://conda.anaconda.org/conda-forge/osx-64/libgd-2.3.3-h2e77e4f_10.conda#a87f68ea91c66e1a9fb515f6aeba6ba2
https://conda.anaconda.org/conda-forge/osx-64/libgrpc-1.67.1-he6e0b18_0.conda#05ea1754e8da5d0e8faf9ec599505834
https://conda.anaconda.org/conda-forge/osx-64/llvmlite-0.43.0-py311h25b8078_1.conda#19d1706a45751962b116123dcbc578f0
https://conda.anaconda.org/conda-forge/osx-64/marisa-trie-1.2.0-py311hbafa61a_0.conda#a4728b58052909862ecd43ca71fad023
https://conda.anaconda.org/conda-forge/osx-64/markupsafe-3.0.2-py311ha3cf9ac_1.conda#1d6596ca7c7b66215c5c0d58b3cb0dd3
https://conda.anaconda.org/conda-forge/noarch/mdurl-0.1.2-pyhd8ed1ab_1.conda#592132998493b3ff25fd7479396e8351
https://conda.anaconda.org/conda-forge/noarch/mistune-3.0.2-pyhd8ed1ab_1.conda#c46df05cae629e55426773ac1f85d68f
https://conda.anaconda.org/conda-forge/noarch/multimethod-1.9.1-pyhd8ed1ab_0.conda#48223af3f697ccd9b114adb6a66e0f11
https://conda.anaconda.org/conda-forge/noarch/munkres-1.1.4-pyh9f0ad1d_0.tar.bz2#2ba8498c1018c1e9c61eb99b973dfe19
https://conda.anaconda.org/conda-forge/osx-64/murmurhash-1.0.10-py311ha701b48_2.conda#9389f3618f72fa8a1056db96e350fe1d
https://conda.anaconda.org/conda-forge/noarch/mypy_extensions-1.0.0-pyha770c72_1.conda#29097e7ea634a45cc5386b95cac6568f
https://conda.anaconda.org/conda-forge/noarch/narwhals-1.16.0-pyhd8ed1ab_0.conda#ee5eb4183d411474b45defa33d1fc168
https://conda.anaconda.org/conda-forge/noarch/nest-asyncio-1.6.0-pyhd8ed1ab_1.conda#598fd7d4d0de2455fb74f56063969a97
https://conda.anaconda.org/conda-forge/noarch/packaging-24.2-pyhd8ed1ab_2.conda#3bfed7e6228ebf2f7b9eaa47f1b4e2aa
https://conda.anaconda.org/conda-forge/noarch/pandocfilters-1.5.0-pyhd8ed1ab_0.tar.bz2#457c2c8c08e54905d6954e79cb5b5db9
https://conda.anaconda.org/conda-forge/noarch/parso-0.8.4-pyhd8ed1ab_1.conda#5c092057b6badd30f75b06244ecd01c9
https://conda.anaconda.org/conda-forge/noarch/pickleshare-0.7.5-pyhd8ed1ab_1004.conda#11a9d1d09a3615fc07c3faf79bc0b943
https://conda.anaconda.org/conda-forge/osx-64/pillow-11.0.0-py311h1f68098_0.conda#ab73babea5e9a94d4f0f3c8fead83459
https://conda.anaconda.org/conda-forge/noarch/pkgutil-resolve-name-1.3.10-pyhd8ed1ab_2.conda#5a5870a74432aa332f7d32180633ad05
https://conda.anaconda.org/conda-forge/noarch/platformdirs-4.3.6-pyhd8ed1ab_1.conda#577852c7e53901ddccc7e6a9959ddebe
https://conda.anaconda.org/conda-forge/noarch/pluggy-1.5.0-pyhd8ed1ab_1.conda#e9dcbce5f45f9ee500e728ae58b605b6
https://conda.anaconda.org/conda-forge/noarch/prometheus_client-0.21.1-pyhd8ed1ab_0.conda#3e01e386307acc60b2f89af0b2e161aa
https://conda.anaconda.org/conda-forge/osx-64/protobuf-5.28.2-py311ha701b48_0.conda#7ef2155cd97327e056ab8083b5f93cc2
https://conda.anaconda.org/conda-forge/osx-64/psutil-6.1.0-py311h1314207_0.conda#446e328d89429c077ccd74d7e9d8853e
https://conda.anaconda.org/conda-forge/noarch/ptyprocess-0.7.0-pyhd8ed1ab_1.conda#7d9daffbb8d8e0af0f769dbbcd173a54
https://conda.anaconda.org/conda-forge/noarch/pure_eval-0.2.3-pyhd8ed1ab_1.conda#3bfdfb8dbcdc4af1ae3f9a8eb3948f04
https://conda.anaconda.org/conda-forge/noarch/pycparser-2.22-pyh29332c3_1.conda#12c566707c80111f9799308d9e265aef
https://conda.anaconda.org/conda-forge/noarch/pygments-2.18.0-pyhd8ed1ab_1.conda#b38dc0206e2a530e5c2cf11dc086b31a
https://conda.anaconda.org/conda-forge/noarch/pyparsing-3.2.0-pyhd8ed1ab_2.conda#4c05a2bcf87bb495512374143b57cf28
https://conda.anaconda.org/conda-forge/noarch/pysocks-1.7.1-pyha55dd90_7.conda#461219d1a5bd61342293efa2c0c90eac
https://conda.anaconda.org/conda-forge/noarch/python-fastjsonschema-2.21.1-pyhd8ed1ab_0.conda#38e34d2d1d9dca4fb2b9a0a04f604e2c
https://conda.anaconda.org/conda-forge/noarch/python-json-logger-2.0.7-pyhd8ed1ab_0.conda#a61bf9ec79426938ff785eb69dbb1960
https://conda.anaconda.org/conda-forge/noarch/python-tzdata-2024.2-pyhd8ed1ab_1.conda#c0def296b2f6d2dd7b030c2a7f66bb1f
https://conda.anaconda.org/conda-forge/noarch/pytz-2024.2-pyhd8ed1ab_1.conda#f26ec986456c30f6dff154b670ae140f
https://conda.anaconda.org/conda-forge/osx-64/pyyaml-6.0.2-py311h3336109_1.conda#b0132bec7165a53403dcc393ff761a9e
https://conda.anaconda.org/conda-forge/osx-64/pyzmq-26.2.0-py311h4d3da15_3.conda#48a614f384285254a3224d086dc84ce3
https://conda.anaconda.org/conda-forge/osx-64/regex-2024.11.6-py311h4d7f069_0.conda#ad16c8d9a060433c5d9c81c425688340
https://conda.anaconda.org/conda-forge/noarch/rfc3986-validator-0.1.1-pyh9f0ad1d_0.tar.bz2#912a71cc01012ee38e6b90ddd561e36f
https://conda.anaconda.org/conda-forge/osx-64/rpds-py-0.22.3-py311h3b9c2be_0.conda#19f12b2368042654dbc26036f036483b
https://conda.anaconda.org/conda-forge/noarch/setuptools-75.6.0-pyhff2d567_1.conda#fc80f7995e396cbaeabd23cf46c413dc
https://conda.anaconda.org/conda-forge/noarch/shellingham-1.5.4-pyhd8ed1ab_1.conda#7c3c2a0f3ebdea2bbc35538d162b43bf
https://conda.anaconda.org/conda-forge/noarch/six-1.17.0-pyhd8ed1ab_0.conda#a451d576819089b0d672f18768be0f65
https://conda.anaconda.org/conda-forge/noarch/slicer-0.0.8-pyhd8ed1ab_0.conda#f6f75ceccf92ddb21665b03cfbfa7800
https://conda.anaconda.org/conda-forge/noarch/sniffio-1.3.1-pyhd8ed1ab_1.conda#bf7a226e58dfb8346c70df36065d86c9
https://conda.anaconda.org/conda-forge/noarch/soupsieve-2.5-pyhd8ed1ab_1.conda#3f144b2c34f8cb5a9abd9ed23a39c561
https://conda.anaconda.org/conda-forge/noarch/spacy-legacy-3.0.12-pyhd8ed1ab_0.conda#bbe68ced56ea855f0223c329f1fd2fc0
https://conda.anaconda.org/conda-forge/noarch/spacy-loggers-1.0.5-pyhd8ed1ab_0.conda#017fa97ac8c29416983dc9e67b27f6c8
https://conda.anaconda.org/conda-forge/noarch/tabulate-0.9.0-pyhd8ed1ab_2.conda#959484a66b4b76befcddc4fa97c95567
https://conda.anaconda.org/conda-forge/noarch/tenacity-9.0.0-pyhd8ed1ab_1.conda#a09f66fe95a54a92172e56a4a97ba271
https://conda.anaconda.org/conda-forge/noarch/threadpoolctl-3.5.0-pyhc1e730c_0.conda#df68d78237980a159bd7149f33c0e8fd
https://conda.anaconda.org/conda-forge/noarch/tomli-2.2.1-pyhd8ed1ab_1.conda#ac944244f1fed2eb49bae07193ae8215
https://conda.anaconda.org/conda-forge/osx-64/tornado-6.4.2-py311h4d7f069_0.conda#073c42a2b6b7e4219325b1f5983c7579
https://conda.anaconda.org/conda-forge/noarch/traitlets-5.14.3-pyhd8ed1ab_1.conda#019a7385be9af33791c989871317e1ed
https://conda.anaconda.org/conda-forge/noarch/types-python-dateutil-2.9.0.20241206-pyhd8ed1ab_0.conda#1dbc4a115e2ad9fb7f9d5b68397f66f9
https://conda.anaconda.org/conda-forge/noarch/types-pyyaml-6.0.12.20240917-pyhd8ed1ab_1.conda#c823c98ead56f35b90cf891016bde9cc
https://conda.anaconda.org/conda-forge/noarch/typing_extensions-4.12.2-pyha770c72_1.conda#d17f13df8b65464ca316cbc000a3cb64
https://conda.anaconda.org/conda-forge/noarch/typing_utils-0.1.0-pyhd8ed1ab_1.conda#f6d7aa696c67756a650e91e15e88223c
https://conda.anaconda.org/conda-forge/osx-64/unicodedata2-15.1.0-py311h1314207_1.conda#574fd9b8168c1b109003c3c431c0bb7e
https://conda.anaconda.org/conda-forge/noarch/uri-template-1.3.0-pyhd8ed1ab_1.conda#e7cb0f5745e4c5035a460248334af7eb
https://conda.anaconda.org/conda-forge/osx-64/vegafusion-python-embed-1.6.9-py311h20bb38b_2.conda#96aa2afaa548eab792ee8c89ac24114e
https://conda.anaconda.org/conda-forge/osx-64/vl-convert-python-1.7.0-py311h3336109_1.conda#e6d252a565836ba52bab483451bd6a28
https://conda.anaconda.org/conda-forge/osx-64/wasabi-1.1.2-py311h6eed73b_1.conda#55b091c8e879fabda3cd48a5efab1b47
https://conda.anaconda.org/conda-forge/noarch/wcwidth-0.2.13-pyhd8ed1ab_1.conda#b68980f2495d096e71c7fd9d7ccf63e6
https://conda.anaconda.org/conda-forge/noarch/webcolors-24.11.1-pyhd8ed1ab_0.conda#b49f7b291e15494aafb0a7d74806f337
https://conda.anaconda.org/conda-forge/noarch/webencodings-0.5.1-pyhd8ed1ab_3.conda#2841eb5bfc75ce15e9a0054b98dcd64d
https://conda.anaconda.org/conda-forge/noarch/websocket-client-1.8.0-pyhd8ed1ab_1.conda#84f8f77f0a9c6ef401ee96611745da8f
https://conda.anaconda.org/conda-forge/noarch/wheel-0.45.1-pyhd8ed1ab_1.conda#75cb7132eb58d97896e173ef12ac9986
https://conda.anaconda.org/conda-forge/noarch/widgetsnbextension-4.0.13-pyhd8ed1ab_1.conda#237db148cc37a466e4222d589029b53e
https://conda.anaconda.org/conda-forge/osx-64/wrapt-1.17.0-py311h4d7f069_0.conda#d6968f9048802d4a3c608cae0fc08b6d
https://conda.anaconda.org/conda-forge/noarch/xyzservices-2024.9.0-pyhd8ed1ab_1.conda#c79cea50b258f652010cb6c8d81591b5
https://conda.anaconda.org/conda-forge/noarch/zipp-3.21.0-pyhd8ed1ab_1.conda#0c3cc595284c5e8f0f9900a9b228a332
https://conda.anaconda.org/conda-forge/noarch/anyio-4.7.0-pyhd8ed1ab_0.conda#c88107912954a983c2caf25f7fd55158
https://conda.anaconda.org/conda-forge/noarch/async-lru-2.0.4-pyhd8ed1ab_1.conda#40c673c7d585623b8f1ee650c8734eb6
https://conda.anaconda.org/conda-forge/osx-64/aws-c-s3-0.7.5-h95a0efb_4.conda#70eece2e37af1fc357c74eda04e36b40
https://conda.anaconda.org/conda-forge/osx-64/azure-identity-cpp-1.10.0-ha4e2ba9_0.conda#ad56b6a4b8931d37a2cf5bc724a46f01
https://conda.anaconda.org/conda-forge/osx-64/azure-storage-common-cpp-12.8.0-h1ccc5ac_1.conda#5b3e79eb148d6e30d6c697788bad9960
https://conda.anaconda.org/conda-forge/noarch/babel-2.16.0-pyhd8ed1ab_1.conda#3e23f7db93ec14c80525257d8affac28
https://conda.anaconda.org/conda-forge/noarch/beautifulsoup4-4.12.3-pyha770c72_1.conda#d48f7e9fdec44baf6d1da416fe402b04
https://conda.anaconda.org/conda-forge/noarch/bleach-6.2.0-pyhd8ed1ab_1.conda#707af59db75b066217403a8f00c1d826
https://conda.anaconda.org/conda-forge/noarch/cached-property-1.5.2-hd8ed1ab_1.tar.bz2#9b347a7ec10940d3f7941ff6c460b551
https://conda.anaconda.org/conda-forge/osx-64/cffi-1.17.1-py311h137bacd_0.conda#a4b0f531064fa3dd5e3afbb782ea2cd5
https://conda.anaconda.org/conda-forge/noarch/cloudpathlib-0.20.0-pyhd8ed1ab_0.conda#2ec4c636dfced53f21bc0b2b1e6aa66a
https://conda.anaconda.org/conda-forge/noarch/comm-0.2.2-pyhd8ed1ab_1.conda#74673132601ec2b7fc592755605f4c1b
https://conda.anaconda.org/conda-forge/osx-64/fonttools-4.55.3-py311ha3cf9ac_0.conda#b43d54b89bf4b9aae6d3a66033549e51
https://conda.anaconda.org/conda-forge/noarch/h11-0.14.0-pyhd8ed1ab_1.conda#7ee49e89531c0dcbba9466f6d115d585
https://conda.anaconda.org/conda-forge/noarch/h2-4.1.0-pyhd8ed1ab_1.conda#825927dc7b0f287ef8d4d0011bb113b1
https://conda.anaconda.org/conda-forge/osx-64/harfbuzz-9.0.0-h098a298_1.conda#8dd3c790d5ce9f3bc94c46e5b218e5f8
https://conda.anaconda.org/conda-forge/noarch/importlib-metadata-8.5.0-pyha770c72_1.conda#315607a3030ad5d5227e76e0733798ff
https://conda.anaconda.org/conda-forge/noarch/importlib_resources-6.4.5-pyhd8ed1ab_1.conda#15798fa69312d433af690c8c42b3fb36
https://conda.anaconda.org/conda-forge/noarch/jedi-0.19.2-pyhd8ed1ab_1.conda#a4f4c5dc9b80bc50e0d3dc4e6e8f1bd9
https://conda.anaconda.org/conda-forge/noarch/jinja2-3.1.4-pyhd8ed1ab_1.conda#08cce3151bde4ecad7885bd9fb647532
https://conda.anaconda.org/conda-forge/noarch/joblib-1.4.2-pyhd8ed1ab_1.conda#bf8243ee348f3a10a14ed0cae323e0c1
https://conda.anaconda.org/conda-forge/noarch/jupyter_core-5.7.2-pyh31011fe_1.conda#0a2980dada0dd7fd0998f0342308b1b1
https://conda.anaconda.org/conda-forge/noarch/jupyterlab_pygments-0.3.0-pyhd8ed1ab_2.conda#fd312693df06da3578383232528c468d
https://conda.anaconda.org/conda-forge/noarch/language-data-1.3.0-pyhff2d567_0.conda#03791f1242445cf08900118f5bea86e6
https://conda.anaconda.org/conda-forge/osx-64/libcblas-3.9.0-25_osx64_openblas.conda#ab304b75ea67f850cf7adf9156e3f62f
https://conda.anaconda.org/conda-forge/osx-64/libgoogle-cloud-2.32.0-hd00c612_0.conda#23b32eee37f8e61bea9de1ed4badc05e
https://conda.anaconda.org/conda-forge/osx-64/liblapack-3.9.0-25_osx64_openblas.conda#dda0e24b4605ebbd381e48606a107bed
https://conda.anaconda.org/conda-forge/noarch/markdown-it-py-3.0.0-pyhd8ed1ab_1.conda#fee3164ac23dfca50cfcc8b85ddefb81
https://conda.anaconda.org/conda-forge/noarch/matplotlib-inline-0.1.7-pyhd8ed1ab_1.conda#af6ab708897df59bd6e7283ceab1b56b
https://conda.anaconda.org/conda-forge/noarch/mercantile-1.2.1-pyhd8ed1ab_0.tar.bz2#aa20d014b5bd1924727dd86467648a27
https://conda.anaconda.org/conda-forge/noarch/overrides-7.7.0-pyhd8ed1ab_0.conda#24fba5a9d161ad8103d4e84c0e1a3ed4
https://conda.anaconda.org/conda-forge/noarch/pexpect-4.9.0-pyhd8ed1ab_1.conda#d0d408b1f18883a944376da5cf8101ea
https://conda.anaconda.org/conda-forge/noarch/pip-24.3.1-pyh8b19718_0.conda#5dd546fe99b44fda83963d15f84263b7
https://conda.anaconda.org/conda-forge/noarch/plotly-5.24.1-pyhd8ed1ab_1.conda#71ac632876630091c81c50a05ec5e030
https://conda.anaconda.org/conda-forge/osx-64/preshed-3.0.9-py311ha701b48_2.conda#fbe1fca1a21f5d4b14f74eb626d574fa
https://conda.anaconda.org/conda-forge/noarch/prompt-toolkit-3.0.48-pyha770c72_1.conda#368d4aa48358439e07a97ae237491785
https://conda.anaconda.org/conda-forge/noarch/psygnal-0.11.1-pyhd8ed1ab_1.conda#086ce04684bf6f06c399d602b53d98e6
https://conda.anaconda.org/conda-forge/osx-64/pyobjc-core-10.3.2-py311hfbc4093_0.conda#b7ae34cfc2cbd83ec8fb9783bc00df1c
https://conda.anaconda.org/conda-forge/noarch/pytest-8.3.4-pyhd8ed1ab_1.conda#799ed216dc6af62520f32aa39bc1c2bb
https://conda.anaconda.org/conda-forge/noarch/python-dateutil-2.9.0.post0-pyhff2d567_1.conda#5ba79d7c71f03c678c8ead841f347d6e
https://conda.anaconda.org/conda-forge/noarch/referencing-0.35.1-pyhd8ed1ab_1.conda#8c9083612c1bfe6878715ed5732605f8
https://conda.anaconda.org/conda-forge/noarch/rfc3339-validator-0.1.4-pyhd8ed1ab_1.conda#36de09a8d3e5d5e6f4ee63af49e59706
https://conda.anaconda.org/conda-forge/noarch/singledispatch-3.6.1-pyh44b312d_0.tar.bz2#97dbbff78f872e5eb30a57c050cc4bba
https://conda.anaconda.org/conda-forge/noarch/smart_open-7.0.5-pyhd8ed1ab_1.conda#1be1d9fb41517af182663bdd004bbe6a
https://conda.anaconda.org/conda-forge/osx-64/srsly-2.4.8-py311hdf8f085_1.conda#7332024f52d2c889203ad1c4c7d0dbb9
https://conda.anaconda.org/conda-forge/noarch/stack_data-0.6.3-pyhd8ed1ab_1.conda#b1b505328da7a6b246787df4b5a49fbc
https://conda.anaconda.org/conda-forge/noarch/terminado-0.18.1-pyh31c8845_0.conda#00b54981b923f5aefcd5e8547de056d5
https://conda.anaconda.org/conda-forge/noarch/tinycss2-1.4.0-pyhd8ed1ab_0.conda#f1acf5fdefa8300de697982bcb1761c9
https://conda.anaconda.org/conda-forge/noarch/tqdm-4.67.1-pyhd8ed1ab_0.conda#4085c9db273a148e149c03627350e22c
https://conda.anaconda.org/conda-forge/noarch/typer-slim-0.15.1-pyhd8ed1ab_0.conda#0218b16f5a1dd569e575a7a6415489db
https://conda.anaconda.org/conda-forge/noarch/typing-extensions-4.12.2-hd8ed1ab_1.conda#b6a408c64b78ec7b779a3e5c7a902433
https://conda.anaconda.org/conda-forge/noarch/typing_inspect-0.9.0-pyhd8ed1ab_1.conda#fa31df4d4193aabccaf09ce78a187faf
https://conda.anaconda.org/conda-forge/noarch/annotated-types-0.7.0-pyhd8ed1ab_1.conda#2934f256a8acfe48f6ebb4fce6cde29c
https://conda.anaconda.org/conda-forge/osx-64/argon2-cffi-bindings-21.2.0-py311h3336109_5.conda#29b46bd410067f668c4cef7fdc78fe25
https://conda.anaconda.org/conda-forge/noarch/arrow-1.3.0-pyhd8ed1ab_1.conda#46b53236fdd990271b03c3978d4218a9
https://conda.anaconda.org/conda-forge/osx-64/aws-crt-cpp-0.29.7-h7872341_5.conda#ebdba7d6d20a794458b5f48ee4fea04e
https://conda.anaconda.org/conda-forge/osx-64/azure-storage-blobs-cpp-12.13.0-h3d2f5f1_1.conda#3df4fb5d6d0e7b3fb28e071aff23787e
https://conda.anaconda.org/conda-forge/noarch/fqdn-1.5.1-pyhd8ed1ab_1.conda#d3549fd50d450b6d9e7dddff25dd2110
https://conda.anaconda.org/conda-forge/noarch/httpcore-1.0.7-pyh29332c3_1.conda#2ca8e6dbc86525c8b95e3c0ffa26442e
https://conda.anaconda.org/conda-forge/noarch/ipython-8.30.0-pyh707e725_0.conda#5d6e5cb3a4b820f61b2073f0ad5431f1
https://conda.anaconda.org/conda-forge/noarch/jsonschema-specifications-2024.10.1-pyhd8ed1ab_1.conda#3b519bc21bc80e60b456f1e62962a766
https://conda.anaconda.org/conda-forge/noarch/jupyter_client-8.6.3-pyhd8ed1ab_1.conda#4ebae00eae9705b0c3d6d1018a81d047
https://conda.anaconda.org/conda-forge/noarch/jupyter_server_terminals-0.5.3-pyhd8ed1ab_1.conda#2d983ff1b82a1ccb6f2e9d8784bdd6bd
https://conda.anaconda.org/conda-forge/noarch/langcodes-3.4.1-pyhff2d567_0.conda#d2d4fdab48411ebf40f05dcdcafdab41
https://conda.anaconda.org/conda-forge/osx-64/libgoogle-cloud-storage-2.32.0-h3f2b517_0.conda#973432a1dd4b147c9d54a94fe06434d2
https://conda.anaconda.org/conda-forge/noarch/nltk-3.9.1-pyhd8ed1ab_0.conda#7e580f0694e487c3890d3ce67d5df98c
https://conda.anaconda.org/conda-forge/osx-64/numpy-2.0.2-py311h14ed71f_1.conda#3162c97b53e0e3deeb4773e9b21cbde7
https://conda.anaconda.org/conda-forge/osx-64/pango-1.54.0-hb83bde0_3.conda#a08306ba11b66596d245d95163e97583
https://conda.anaconda.org/conda-forge/osx-64/pydantic-core-2.27.1-py311h3b9c2be_0.conda#bf4260289161c2c5dab79ae4927039b9
https://conda.anaconda.org/conda-forge/osx-64/pyobjc-framework-cocoa-10.3.2-py311hfbc4093_0.conda#6f2fc8232ec4b6da3b7f4aac21eaaa3b
https://conda.anaconda.org/conda-forge/noarch/rich-13.9.4-pyhd8ed1ab_1.conda#7aed65d4ff222bfb7335997aa40b7da5
https://conda.anaconda.org/conda-forge/noarch/smart-open-7.0.5-hd8ed1ab_1.conda#eb40b9afe929f94071ff0c133a4a43b7
https://conda.anaconda.org/conda-forge/noarch/typeguard-4.4.1-pyhd8ed1ab_1.conda#2de116bbe966ec72715f2423337438dd
https://conda.anaconda.org/conda-forge/osx-64/watchfiles-1.0.3-py311h3b9c2be_0.conda#baefec9ff66c257f5f4ebb4dbe3ae8b2
https://conda.anaconda.org/conda-forge/osx-64/zstandard-0.23.0-py311hdf6fcd6_1.conda#4fc42d6f85a21b09ee6477f456554df3
https://conda.anaconda.org/conda-forge/noarch/argon2-cffi-23.1.0-pyhd8ed1ab_1.conda#a7ee488b71c30ada51c48468337b85ba
https://conda.anaconda.org/conda-forge/osx-64/aws-sdk-cpp-1.11.458-h089437a_3.conda#85a9f9d086c3b0ab45e8f8bf8cf7577f
https://conda.anaconda.org/conda-forge/osx-64/azure-storage-files-datalake-cpp-12.12.0-h86941f0_1.conda#60452336e7f61f6fdaaff69264ee112e
https://conda.anaconda.org/conda-forge/osx-64/contourpy-1.3.1-py311h4e34fa0_0.conda#6bc3882064e277827934e2c6e5281661
https://conda.anaconda.org/conda-forge/osx-64/cython-blis-1.0.1-py311hde34974_0.conda#4f8c0539de3566f9ca3766fa73c64c78
https://conda.anaconda.org/conda-forge/osx-64/gtk2-2.24.33-h2c15c3c_5.conda#308376a1154bc0ab3bbeeccf6ff986be
https://conda.anaconda.org/conda-forge/noarch/httpx-0.28.1-pyhd8ed1ab_0.conda#d6989ead454181f4f9bc987d3dc4e285
https://conda.anaconda.org/conda-forge/noarch/ipykernel-6.29.5-pyh57ce528_0.conda#9eb15d654daa0ef5a98802f586bb4ffc
https://conda.anaconda.org/conda-forge/noarch/ipywidgets-8.1.5-pyhd8ed1ab_1.conda#bb19ad65196475ab6d0bb3532d7f8d96
https://conda.anaconda.org/conda-forge/noarch/isoduration-20.11.0-pyhd8ed1ab_1.conda#0b0154421989637d424ccf0f104be51a
https://conda.anaconda.org/conda-forge/noarch/jsonschema-4.23.0-pyhd8ed1ab_1.conda#a3cead9264b331b32fe8f0aabc967522
https://conda.anaconda.org/conda-forge/osx-64/librsvg-2.58.4-h2682814_0.conda#0022c69263e9bb8c530feff2dfc431f9
https://conda.anaconda.org/conda-forge/osx-64/numba-0.60.0-py311h0e5bd6a_0.conda#8bd1ff28924ea52b539528d85f70a1ac
https://conda.anaconda.org/conda-forge/osx-64/pandas-2.2.2-py311hfdcbad3_1.conda#8dbecc860148500512e768571c59fbe0
https://conda.anaconda.org/conda-forge/noarch/pydantic-2.10.3-pyh3cfb1c2_0.conda#194ef7f91286978521350f171b117f01
https://conda.anaconda.org/conda-forge/osx-64/scipy-1.14.1-py311h86b91e6_2.conda#a7fd113fc0f753f18b0a9c1b398df076
https://conda.anaconda.org/conda-forge/noarch/send2trash-1.8.3-pyh31c8845_1.conda#e67b1b1fa7a79ff9e8e326d0caf55854
https://conda.anaconda.org/conda-forge/noarch/typer-slim-standard-0.15.1-hd8ed1ab_0.conda#4e603c43bfdfc7b533be087c3e070cc9
https://conda.anaconda.org/conda-forge/noarch/urllib3-2.2.3-pyhd8ed1ab_1.conda#4a2d8ef7c37b8808c5b9b750501fffce
https://conda.anaconda.org/conda-forge/noarch/altair-5.4.1-pyhd8ed1ab_3.conda#1023b24b9c859bf5d9223a202d7e58b9
https://conda.anaconda.org/conda-forge/noarch/anywidget-0.9.13-pyhd8ed1ab_0.conda#5163983551f7a4361b0a6bcc85334e0c
https://conda.anaconda.org/conda-forge/osx-64/confection-0.1.4-py311h9bdd199_0.conda#da0de22630d7a1848c88644c271bee62
https://conda.anaconda.org/conda-forge/osx-64/graphviz-12.0.0-he14ced1_0.conda#ef49aa1e3614bfc6fb5369675129c09b
https://conda.anaconda.org/conda-forge/noarch/jsonschema-with-format-nongpl-4.23.0-hd8ed1ab_1.conda#a5b1a8065857cc4bd8b7a38d063bb728
https://conda.anaconda.org/conda-forge/osx-64/libarrow-18.1.0-h2e73097_6_cpu.conda#6b6a5a1f635b45d925a595d3104cd7ad
https://conda.anaconda.org/conda-forge/noarch/lightgbm-4.5.0-cpu_py_3.conda#16e2d3cb289b60a0056a05fd34360493
https://conda.anaconda.org/conda-forge/osx-64/matplotlib-base-3.9.2-py311h8b21175_2.conda#baafa77537c20f3b575f5729de00d487
https://conda.anaconda.org/conda-forge/noarch/nbformat-5.10.4-pyhd8ed1ab_1.conda#bbe1963f1e47f594070ffe87cdf612ea
https://conda.anaconda.org/conda-forge/noarch/pandera-base-0.20.4-pyhd8ed1ab_0.conda#c2a59e20377cedcfa4a4dfa98fa7f36e
https://conda.anaconda.org/conda-forge/noarch/requests-2.31.0-pyhd8ed1ab_0.conda#a30144e4156cdbb236f99ebb49828f8b
https://conda.anaconda.org/conda-forge/osx-64/scikit-learn-1.5.2-py311ha1d5734_1.conda#2797c34b77d64a38c092dd9b21ed908b
https://conda.anaconda.org/conda-forge/noarch/typer-0.15.1-pyhd8ed1ab_0.conda#170a0398946d8f5b454e592672b6fc20
https://conda.anaconda.org/conda-forge/noarch/ucimlrepo-0.0.7-pyhd8ed1ab_0.conda#4e5b5767223c9784b08c907b1d77d7fb
https://conda.anaconda.org/conda-forge/noarch/vega_datasets-0.9.0-pyhd3deb0d_0.tar.bz2#c754e69d9d5de4a69ff0972318349bd0
https://conda.anaconda.org/conda-forge/noarch/altair_tiles-0.3.0-pyhd8ed1ab_0.conda#9ca668f79c5f15812e699913f0a01a4e
https://conda.anaconda.org/conda-forge/noarch/imbalanced-learn-0.12.4-pyhd8ed1ab_0.conda#ff3a89844a091812f71f9aefafd05e36
https://conda.anaconda.org/conda-forge/noarch/jupyter_events-0.10.0-pyhd8ed1ab_1.conda#62186e6383f38cc6a3466f0fadde3f2e
https://conda.anaconda.org/conda-forge/osx-64/libarrow-acero-18.1.0-ha6338a2_6_cpu.conda#eac1c69083f36adb8937bddfd471a17d
https://conda.anaconda.org/conda-forge/osx-64/libparquet-18.1.0-h3e22b07_6_cpu.conda#185fa02bad8e6848624a2ed90b44a7ce
https://conda.anaconda.org/conda-forge/osx-64/matplotlib-3.9.2-py311h6eed73b_2.conda#551824529b100cbb0a26efcf3a008594
https://conda.anaconda.org/conda-forge/noarch/nbclient-0.10.1-pyhd8ed1ab_0.conda#3ee79082e59a28e1db11e2a9c3bcd85a
https://conda.anaconda.org/conda-forge/noarch/pandera-0.20.4-hd8ed1ab_0.conda#1f5a3edcac6b4ebded70e2bd9871a6a8
https://conda.anaconda.org/conda-forge/noarch/py-xgboost-2.1.2-cpu_pyhd3de297_2.conda#583c71795d5709f7b4a15e070a9a03a3
https://conda.anaconda.org/conda-forge/osx-64/pyarrow-core-18.1.0-py311he02522f_0_cpu.conda#995e6211e8d94b51466b7d0c8ccd475b
https://conda.anaconda.org/conda-forge/noarch/python-graphviz-0.20.3-pyh91182bf_2.conda#f822f0e13849c2283f72ec4aa120eeaa
https://conda.anaconda.org/conda-forge/noarch/responses-0.24.1-pyhd8ed1ab_0.conda#b1b80aaa77d5e83183cd0c9e9025b1fa
https://conda.anaconda.org/conda-forge/osx-64/shap-0.46.0-cpu_py311h91f7888_1.conda#9cfbef0a60ce39b3803ca8296d833c8d
https://conda.anaconda.org/conda-forge/osx-64/thinc-8.3.2-py311h10847b1_1.conda#4c6a7312da1b382ed0973a33e923bfa4
https://conda.anaconda.org/conda-forge/noarch/weasel-0.4.1-pyhd8ed1ab_1.conda#0487b5ffdbbee3fbcf3c0df1eb684928
https://conda.anaconda.org/conda-forge/osx-64/catboost-1.2.5-py311h6eed73b_0.conda#4ff2a9e9b0a10ce55e6cc988567c4c64
https://conda.anaconda.org/conda-forge/noarch/eli5-0.13.0-pyhd8ed1ab_0.tar.bz2#2e1e27d053f16c950e874f6b4b8c3ed1
https://conda.anaconda.org/conda-forge/osx-64/libarrow-dataset-18.1.0-ha6338a2_6_cpu.conda#bd29de5f760ed81ae6ce6d2333c87fc4
https://conda.anaconda.org/conda-forge/noarch/nbconvert-core-7.16.4-pyhff2d567_2.conda#0457fdf55c88e52e0e7b63691eafcc48
https://conda.anaconda.org/conda-forge/osx-64/spacy-3.8.2-py311h10847b1_0.conda#cec6e1e30fa5ac7e41c29a5afd93ba6d
https://conda.anaconda.org/conda-forge/noarch/xgboost-2.1.2-cpu_pyhac85b48_2.conda#07e2e050dec7ae553e6b7933b2ab4b2c
https://conda.anaconda.org/conda-forge/noarch/jupyter_server-2.14.2-pyhd8ed1ab_1.conda#81ea84b3212287f926e35b9036192963
https://conda.anaconda.org/conda-forge/osx-64/libarrow-substrait-18.1.0-hfbc57f1_6_cpu.conda#413e4c1b70d193bfec7d354122c03c02
https://conda.anaconda.org/conda-forge/noarch/jupyter-lsp-2.2.5-pyhd8ed1ab_1.conda#0b4c3908e5a38ea22ebb98ee5888c768
https://conda.anaconda.org/conda-forge/noarch/jupyterlab_server-2.27.3-pyhd8ed1ab_1.conda#9dc4b2b0f41f0de41d27f3293e319357
https://conda.anaconda.org/conda-forge/noarch/notebook-shim-0.2.4-pyhd8ed1ab_1.conda#e7f89ea5f7ea9401642758ff50a2d9c1
https://conda.anaconda.org/conda-forge/osx-64/pyarrow-18.1.0-py311h6eed73b_0.conda#c1de8a6883cbb9135fbbf1e1bdbebbdc
https://conda.anaconda.org/conda-forge/noarch/jupyterlab-4.3.3-pyhd8ed1ab_0.conda#0707e62d944a89c365ba11da4898f8af
https://conda.anaconda.org/conda-forge/noarch/vegafusion-1.6.9-pyhd8ed1ab_0.conda#6aa7e1d32c66d32b86800e61601ba5c6
https://conda.anaconda.org/conda-forge/noarch/altair-all-5.4.1-pyhd8ed1ab_3.conda#acf4dd481bfb1b9fdceff37dcd4243e5
https://conda.anaconda.org/conda-forge/noarch/notebook-7.3.1-pyhd8ed1ab_0.conda#f663ab5bcc9a28364b7b80aa976ed00f
https://conda.anaconda.org/conda-forge/noarch/nb_conda_kernels-2.5.1-pyh707e725_2.conda#076e6d822442987779a6622092a8fb6a
# pip emoji @ https://files.pythonhosted.org/packages/ef/56/4ddf8b36aa4b52077045b17ffb8958f3360b250df4143d1482d9d5bb54d5/emoji-2.14.0-py3-none-any.whl#sha256=fcc936bf374b1aec67dda5303ae99710ba88cc9cdce2d1a71c5f2204e6d78799
# pip ipython-genutils @ https://files.pythonhosted.org/packages/fa/bc/9bd3b5c2b4774d5f33b2d544f1460be9df7df2fe42f352135381c347c69a/ipython_genutils-0.2.0-py2.py3-none-any.whl#sha256=72dd37233799e619666c9f639a9da83c34013a73e8bbc79a7a6348d93c61fab8
# pip jsonpickle @ https://files.pythonhosted.org/packages/a1/64/815460f86d94c9e1431800a75061719824c6fef14d88a6117eba3126cd5b/jsonpickle-4.0.0-py3-none-any.whl#sha256=53730b9e094bc41f540bfdd25eaf6e6cf43811590e9e1477abcec44b866ddcd9
# pip jupyterlab-widgets @ https://files.pythonhosted.org/packages/1f/73/4f281e0f86bf532baec742da40ededf8b22dc224523e38c638fb6ad91255/jupyterlab_widgets-1.1.11-py3-none-any.whl#sha256=840e538021d87e020a8e7b786597f088431f4ebd8308655555e126c3950a1b27
# pip imageio @ https://files.pythonhosted.org/packages/5c/f9/f78e7f5ac8077c481bf6b43b8bc736605363034b3d5eb3ce8eb79f53f5f1/imageio-2.36.1-py3-none-any.whl#sha256=20abd2cae58e55ca1af8a8dcf43293336a59adf0391f1917bf8518633cfc2cdf
# pip nbconvert @ https://files.pythonhosted.org/packages/b8/bb/bb5b6a515d1584aa2fd89965b11db6632e4bdc69495a52374bcc36e56cfa/nbconvert-7.16.4-py3-none-any.whl#sha256=05873c620fe520b6322bf8a5ad562692343fe3452abda5765c7a34b7d1aa3eb3
# pip pandas @ https://files.pythonhosted.org/packages/30/6f/910f62af8642c94acca4fff529944c1e9463cf118742f7ee1a583fc6449c/pandas-2.1.1-cp311-cp311-macosx_10_9_x86_64.whl#sha256=9e2959720b70e106bb1d8b6eadd8ecd7c8e99ccdbe03ee03260877184bb2877d
# pip patsy @ https://files.pythonhosted.org/packages/87/2b/b50d3d08ea0fc419c183a84210571eba005328efa62b6b98bc28e9ead32a/patsy-1.0.1-py2.py3-none-any.whl#sha256=751fb38f9e97e62312e921a1954b81e1bb2bcda4f5eeabaf94db251ee791509c
# pip python-utils @ https://files.pythonhosted.org/packages/d4/69/31c82567719b34d8f6b41077732589104883771d182a9f4ff3e71430999a/python_utils-3.9.1-py2.py3-none-any.whl#sha256=0273d7363c7ad4b70999b2791d5ba6b55333d6f7a4e4c8b6b39fb82b5fab4613
# pip scipy @ https://files.pythonhosted.org/packages/26/68/84dbe18583e79e56e4cee8d00232a8dd7d4ae33bc3acf3be1c347991848f/scipy-1.6.1.tar.gz#sha256=c4fceb864890b6168e79b0e714c585dbe2fd4222768ee90bc1aa0f8218691b11
# pip spacymoji @ https://files.pythonhosted.org/packages/3c/5d/cf1f18f9c3a88fc2cd51aad40f7bfeb9657d3c2c937ff950ede3e6029079/spacymoji-3.1.0-py2.py3-none-any.whl#sha256=443df056e4bf23afb1f6ff8a372d9088e02d5eb2bd4a37a51fa0d19c35d0312b
# pip widgetsnbextension @ https://files.pythonhosted.org/packages/93/1b/25d570ee8dce0f2ddadb967d6242cf6e10516db7897c7d9a6e3853b56bfc/widgetsnbextension-3.6.10-py2.py3-none-any.whl#sha256=91a283c2bb50b43ae415dfe69fb026ece0c14e0102987fb53127c7a71e82417d
# pip altair-ally @ https://files.pythonhosted.org/packages/ca/b3/df528cb8c8242485b7f5d4d973fea5233b216486b3e1d2d8b14d92772ddf/altair_ally-0.1.1.tar.gz#sha256=f8b7179fda6335322048f71ec29b827b63f658e8a9fb54426927597eeb1f446e
# pip ipywidgets @ https://files.pythonhosted.org/packages/25/22/f48bd3af0ef7c72dce13f9930a4483acbc7c77373834700296495ea0875f/ipywidgets-7.8.5-py2.py3-none-any.whl#sha256=8055fe314edd4c101a5f1ea230620ef5e315b0ca87f940264b4eac1faf9746ef
# pip pynomaly @ https://files.pythonhosted.org/packages/03/00/0af76dc221eb34f0d98af54024955ddc16080057a69d4c19329811aabc03/PyNomaly-0.3.4-py3-none-any.whl#sha256=e653f1e1c9a70c92170829f7440841e3b004528e1a1bfaea5e830e53fca26822
# pip scikit-learn @ https://files.pythonhosted.org/packages/e8/dd/41bc4dfa519bc1a0617b68496120c472f1a1a5db264132d1530c43f059a8/scikit_learn-1.3.0-cp311-cp311-macosx_10_9_x86_64.whl#sha256=79970a6d759eb00a62266a31e2637d07d2d28446fca8079cf9afa7c07b0427f8
# pip statsmodels @ https://files.pythonhosted.org/packages/05/90/0ec7eca8d603f36a599f2564ad2f6fe7a16fde5fdc3f0bcadff786f91ba8/statsmodels-0.14.0-cp311-cp311-macosx_10_9_x86_64.whl#sha256=582f9e41092e342aaa04920d17cc3f97240e3ee198672f194719b5a3d08657d6
# pip category-encoders @ https://files.pythonhosted.org/packages/98/47/598b4bf0ccf6f02915e71bdd23fe846a27adc2d3ba734f2ba5215d8e44f5/category_encoders-2.6.4-py2.py3-none-any.whl#sha256=59f4b541ec787dfdfacc12267e1aff91a1ddc0b756991ec2129d50d6495d6e36
# pip mglearn @ https://files.pythonhosted.org/packages/bb/8b/687d30a3df6b870af541dde6327423e35713e38243db135f57b4ebd054f3/mglearn-0.2.0-py2.py3-none-any.whl#sha256=8d1c57c0beb176b62f27897a1f68dbcaa2cb357f84e8a4924c57f56306b7ebb5
# pip deepchecks @ https://files.pythonhosted.org/packages/53/fa/ca53da26738399100096323d05c71e7f0bab30a4e98f113b900562e8982a/deepchecks-0.18.1-py3-none-any.whl#sha256=747bb47181fcc131d67d39607d9a23c38f51019db7bb8365d5d89cb425b2dd0c
