# Generated by conda-lock.
# platform: win-64
# input_hash: 4d38ebe3515a480b3d62d16ac0a4dcb8074d4896e24110c439a801a91fafe90e
@EXPLICIT
https://conda.anaconda.org/conda-forge/win-64/_py-xgboost-mutex-2.0-cpu_0.tar.bz2#39626bb9350110a075f8be857850695f
https://conda.anaconda.org/conda-forge/win-64/ca-certificates-2024.8.30-h56e8100_0.conda#4c4fd67c18619be5aa65dc5b6c72e490
https://conda.anaconda.org/conda-forge/win-64/dart-sass-1.58.3-h57928b3_1.conda#717501926d44c46117979fc54892c560
https://conda.anaconda.org/conda-forge/win-64/esbuild-0.24.0-h57928b3_0.conda#333e68de31627c2a782cd24cc19ed385
https://conda.anaconda.org/conda-forge/noarch/font-ttf-dejavu-sans-mono-2.37-hab24e00_0.tar.bz2#0c96522c6bdaed4b1566d11387caaf45
https://conda.anaconda.org/conda-forge/noarch/font-ttf-inconsolata-3.000-h77eed37_0.tar.bz2#34893075a5c9e55cdafac56607368fc6
https://conda.anaconda.org/conda-forge/noarch/font-ttf-source-code-pro-2.038-h77eed37_0.tar.bz2#4d59c254e01d9cde7957100457e2d5fb
https://conda.anaconda.org/conda-forge/noarch/font-ttf-ubuntu-0.83-h77eed37_3.conda#49023d73832ef61042f6a237cb2687e7
https://conda.anaconda.org/conda-forge/win-64/intel-openmp-2024.2.1-h57928b3_1083.conda#2d89243bfb53652c182a7c73182cce4f
https://conda.anaconda.org/conda-forge/win-64/pandoc-3.2-h57928b3_0.conda#44c65fee440f2492edb8cb25f5770065
https://conda.anaconda.org/conda-forge/win-64/python_abi-3.11-5_cp311.conda#895b873644c11ccc0ab7dba2d8513ae6
https://conda.anaconda.org/conda-forge/noarch/tzdata-2024b-hc8b5060_0.conda#8ac3367aafb1cc0a068483c580af8015
https://conda.anaconda.org/conda-forge/win-64/ucrt-10.0.22621.0-h57928b3_1.conda#6797b005cd0f439c4c5c9ac565783700
https://conda.anaconda.org/conda-forge/win-64/winpty-0.4.3-4.tar.bz2#1cee351bf20b830d991dbe0bc8cd7dfe
https://conda.anaconda.org/conda-forge/noarch/fonts-conda-forge-1-0.tar.bz2#f766549260d6815b0c52253f1fb1bb29
https://conda.anaconda.org/conda-forge/win-64/libwinpthread-12.0.0.r4.gg4f2fc60ca-h57928b3_8.conda#03cccbba200ee0523bde1f3dad60b1f3
https://conda.anaconda.org/conda-forge/win-64/vc14_runtime-14.42.34433-he29a5d6_23.conda#32b37d0cfa80da34548501cdc913a832
https://conda.anaconda.org/conda-forge/noarch/fonts-conda-ecosystem-1-0.tar.bz2#fee5683a3f04bd15cbd8318b096a27ab
https://conda.anaconda.org/conda-forge/win-64/libgomp-14.2.0-h1383e82_1.conda#9e2d4d1214df6f21cba12f6eff4972f9
https://conda.anaconda.org/conda-forge/win-64/vc-14.3-ha32ba9b_23.conda#7c10ec3158d1eb4ddff7007c9101adb0
https://conda.anaconda.org/conda-forge/win-64/vs2015_runtime-14.42.34433-hdffcdeb_23.conda#5c176975ca2b8366abad3c97b3cd1e83
https://conda.anaconda.org/conda-forge/win-64/_openmp_mutex-4.5-2_gnu.conda#37e16618af5c4851a3f3d66dd0e11141
https://conda.anaconda.org/conda-forge/win-64/aws-c-common-0.10.5-h2466b09_0.conda#c3651100603927c469cd28ea24fb65a3
https://conda.anaconda.org/conda-forge/win-64/bzip2-1.0.8-h2466b09_7.conda#276e7ffe9ffe39688abc665ef0f45596
https://conda.anaconda.org/conda-forge/win-64/c-ares-1.34.3-h2466b09_1.conda#f8413bb7fb62f7bdc2545c9a06937790
https://conda.anaconda.org/conda-forge/win-64/cudatoolkit-11.8.0-h09e9e62_13.conda#56d440fefc5a01e631bbdb9e1f1701ad
https://conda.anaconda.org/conda-forge/win-64/deno-1.41.0-h1f5608b_0.conda#1b1bdc63520e9487d9a15657dc877583
https://conda.anaconda.org/conda-forge/win-64/double-conversion-3.3.0-h63175ca_0.conda#1a8bc18b24014167b2184c5afbe6037e
https://conda.anaconda.org/conda-forge/win-64/fribidi-1.0.10-h8d14728_0.tar.bz2#807e81d915f2bb2e49951648615241f6
https://conda.anaconda.org/conda-forge/win-64/getopt-win32-0.1-hcfcfb64_1.conda#714d0882dc5e692ca4683d8e520f73c6
https://conda.anaconda.org/conda-forge/win-64/graphite2-1.3.13-h63175ca_1003.conda#3194499ee7d1a67404a87d0eefdd92c6
https://conda.anaconda.org/conda-forge/win-64/icu-75.1-he0c23c2_0.conda#8579b6bb8d18be7c0b27fb08adeeeb40
https://conda.anaconda.org/conda-forge/win-64/lerc-4.0.0-h63175ca_0.tar.bz2#1900cb3cab5055833cfddb0ba233b074
https://conda.anaconda.org/conda-forge/win-64/libabseil-20240722.0-cxx17_he0c23c2_1.conda#3f59a73b07a05530b252ecb07dd882b9
https://conda.anaconda.org/conda-forge/win-64/libbrotlicommon-1.1.0-h2466b09_2.conda#f7dc9a8f21d74eab46456df301da2972
https://conda.anaconda.org/conda-forge/win-64/libcrc32c-1.1.2-h0e60522_0.tar.bz2#cd4cc2d0c610c8cb5419ccc979f2d6ce
https://conda.anaconda.org/conda-forge/win-64/libdeflate-1.22-h2466b09_0.conda#a3439ce12d4e3cd887270d9436f9a4c8
https://conda.anaconda.org/conda-forge/win-64/libexpat-2.6.4-he0c23c2_0.conda#eb383771c680aa792feb529eaf9df82f
https://conda.anaconda.org/conda-forge/win-64/libffi-3.4.2-h8ffe710_5.tar.bz2#2c96d1b6915b408893f9472569dee135
https://conda.anaconda.org/conda-forge/win-64/libiconv-1.17-hcfcfb64_2.conda#e1eb10b1cca179f2baa3601e4efc8712
https://conda.anaconda.org/conda-forge/win-64/libjpeg-turbo-3.0.0-hcfcfb64_1.conda#3f1b948619c45b1ca714d60c7389092c
https://conda.anaconda.org/conda-forge/win-64/liblzma-5.6.3-h2466b09_1.conda#015b9c0bd1eef60729ab577a38aaf0b5
https://conda.anaconda.org/conda-forge/win-64/libsodium-1.0.20-hc70643c_0.conda#198bb594f202b205c7d18b936fa4524f
https://conda.anaconda.org/conda-forge/win-64/libsqlite-3.47.2-h67fdade_0.conda#ff00095330e0d35a16bd3bdbd1a2d3e7
https://conda.anaconda.org/conda-forge/win-64/libutf8proc-2.9.0-h2466b09_1.conda#6f35a14d54f6fe4d013005cf56031842
https://conda.anaconda.org/conda-forge/win-64/libwebp-base-1.4.0-hcfcfb64_0.conda#abd61d0ab127ec5cd68f62c2969e6f34
https://conda.anaconda.org/conda-forge/win-64/libxgboost-2.1.2-cpu_hb3f76d0_2.conda#1f0688fb69d0300a734e2f4c34e176c5
https://conda.anaconda.org/conda-forge/win-64/libzlib-1.3.1-h2466b09_2.conda#41fbfac52c601159df6c01f875de31b9
https://conda.anaconda.org/conda-forge/win-64/lz4-c-1.10.0-h2466b09_1.conda#0b69331897a92fac3d8923549d48d092
https://conda.anaconda.org/conda-forge/win-64/opencl-headers-2024.10.24-he0c23c2_0.conda#20248dbb7d4a877ba783a2e06ecc2d02
https://conda.anaconda.org/conda-forge/win-64/openssl-3.4.0-h2466b09_0.conda#d0d805d9b5524a14efb51b3bff965e83
https://conda.anaconda.org/conda-forge/win-64/pixman-0.44.2-had0cd8c_0.conda#c720ac9a3bd825bf8b4dc7523ea49be4
https://conda.anaconda.org/conda-forge/win-64/qhull-2020.2-hc790b64_5.conda#854fbdff64b572b5c0b470f334d34c11
https://conda.anaconda.org/conda-forge/win-64/snappy-1.2.1-h500f7fa_1.conda#e32fb978aaea855ddce624eb8c8eb69a
https://conda.anaconda.org/conda-forge/win-64/tk-8.6.13-h5226925_1.conda#fc048363eb8f03cd1737600a5d08aafe
https://conda.anaconda.org/conda-forge/win-64/typst-0.11.0-h975169c_0.conda#0b3c49a8651b4036179ca4088b84d1ea
https://conda.anaconda.org/conda-forge/win-64/xz-5.2.6-h8d14728_0.tar.bz2#515d77642eaa3639413c6b1bc3f94219
https://conda.anaconda.org/conda-forge/win-64/yaml-0.2.5-h8ffe710_2.tar.bz2#adbfb9f45d1004a26763652246a33764
https://conda.anaconda.org/conda-forge/win-64/aws-c-cal-0.8.1-h8c8fd1d_2.conda#05fde9f14acb04806d7c464e489f4dd7
https://conda.anaconda.org/conda-forge/win-64/aws-c-compression-0.3.0-h8c8fd1d_4.conda#991d95a3dd22184afdb7f41bfaf20b05
https://conda.anaconda.org/conda-forge/win-64/aws-c-sdkutils-0.2.1-h8c8fd1d_3.conda#390db30e7d42092ab435dd84b45880c8
https://conda.anaconda.org/conda-forge/win-64/aws-checksums-0.2.2-h8c8fd1d_3.conda#33dd2b0591cffe4a699900fe78f3892a
https://conda.anaconda.org/conda-forge/win-64/deno-dom-0.1.35-h8b8d39b_1.conda#e1b95d707e592ee1f8d20986c449d927
https://conda.anaconda.org/conda-forge/win-64/khronos-opencl-icd-loader-2024.10.24-h2466b09_1.conda#71a72eb0eed16a4a76fd88359be48fec
https://conda.anaconda.org/conda-forge/win-64/krb5-1.21.3-hdf4eb48_0.conda#31aec030344e962fbd7dbbbbd68e60a9
https://conda.anaconda.org/conda-forge/win-64/libbrotlidec-1.1.0-h2466b09_2.conda#9bae75ce723fa34e98e239d21d752a7e
https://conda.anaconda.org/conda-forge/win-64/libbrotlienc-1.1.0-h2466b09_2.conda#85741a24d97954a991e55e34bc55990b
https://conda.anaconda.org/conda-forge/win-64/libevent-2.1.12-h3671451_1.conda#25efbd786caceef438be46da78a7b5ef
https://conda.anaconda.org/conda-forge/win-64/libgcc-14.2.0-h1383e82_1.conda#75fdd34824997a0f9950a703b15d8ac5
https://conda.anaconda.org/conda-forge/win-64/libintl-0.22.5-h5728263_3.conda#2cf0cf76cc15d360dfa2f17fd6cf9772
https://conda.anaconda.org/conda-forge/win-64/libpng-1.6.44-h3ca93ac_0.conda#639ac6b55a40aa5de7b8c1b4d78f9e81
https://conda.anaconda.org/conda-forge/win-64/libprotobuf-5.28.2-hcaed137_0.conda#97c6d2f83edd7b400a22660e2a4d1488
https://conda.anaconda.org/conda-forge/win-64/libre2-11-2024.07.02-h4eb7d71_1.conda#d8dbfb066c8e3e85439687613d32057d
https://conda.anaconda.org/conda-forge/win-64/libssh2-1.11.1-he619c9f_0.conda#af0cbf037dd614c34399b3b3e568c557
https://conda.anaconda.org/conda-forge/win-64/libxml2-2.13.5-he286e8c_1.conda#77eaa84f90fc90643c5a0be0aa9bdd1b
https://conda.anaconda.org/conda-forge/win-64/pcre2-10.44-h3d7b363_2.conda#a3a3baddcfb8c80db84bec3cb7746fb8
https://conda.anaconda.org/conda-forge/win-64/python-3.11.0-hcf16a7b_0_cpython.tar.bz2#13ee3577afc291dabd2d9edc59736688
https://conda.anaconda.org/conda-forge/win-64/zstd-1.5.6-h0ea2cb4_0.conda#9a17230f95733c04dc40a2b1e5491d74
https://conda.anaconda.org/conda-forge/noarch/asttokens-3.0.0-pyhd8ed1ab_1.conda#8f587de4bcf981e26228f268df374a9b
https://conda.anaconda.org/conda-forge/noarch/attrs-24.2.0-pyh71513ae_1.conda#2018839db45c79654b57a924fcdd27d0
https://conda.anaconda.org/conda-forge/win-64/aws-c-io-0.15.3-h64afbcc_3.conda#3c63b5b90b7bb2f9de137aba24d26bfa
https://conda.anaconda.org/conda-forge/win-64/brotli-bin-1.1.0-h2466b09_2.conda#d22534a9be5771fc58eb7564947f669d
https://conda.anaconda.org/conda-forge/win-64/brotli-python-1.1.0-py311hda3d55a_2.conda#a0ea2839841a06740a1c110ba3317b42
https://conda.anaconda.org/conda-forge/noarch/cached_property-1.5.2-pyha770c72_1.tar.bz2#576d629e47797577ab0f1b351297ef4a
https://conda.anaconda.org/conda-forge/win-64/catalogue-2.0.10-py311h1ea47a8_0.conda#5e104733809a48ca580fab26bd4da924
https://conda.anaconda.org/conda-forge/noarch/certifi-2024.8.30-pyhd8ed1ab_0.conda#12f7d00853807b0531775e9be891cb11
https://conda.anaconda.org/conda-forge/noarch/charset-normalizer-3.4.0-pyhd8ed1ab_1.conda#6581a17bba6b948bb60130026404a9d6
https://conda.anaconda.org/conda-forge/noarch/cloudpickle-3.1.0-pyhd8ed1ab_1.conda#c88ca2bb7099167912e3b26463fff079
https://conda.anaconda.org/conda-forge/noarch/colorama-0.4.6-pyhd8ed1ab_1.conda#962b9857ee8e7018c22f2776ffa0b2d7
https://conda.anaconda.org/conda-forge/noarch/cycler-0.12.1-pyhd8ed1ab_1.conda#44600c4667a319d67dbe0681fc0bc833
https://conda.anaconda.org/conda-forge/win-64/cymem-2.0.10-py311hda3d55a_0.conda#9a8dbfbdb9a8843d6c50fbaaa4717666
https://conda.anaconda.org/conda-forge/win-64/debugpy-1.8.10-py311hda3d55a_0.conda#b7bb77a1a2bd654c9e465289f5daf088
https://conda.anaconda.org/conda-forge/noarch/decorator-5.1.1-pyhd8ed1ab_1.conda#d622d8d7ee8868870f9cbe259f381181
https://conda.anaconda.org/conda-forge/noarch/defusedxml-0.7.1-pyhd8ed1ab_0.tar.bz2#961b3a227b437d82ad7054484cfa71b2
https://conda.anaconda.org/conda-forge/noarch/entrypoints-0.4-pyhd8ed1ab_1.conda#3366592d3c219f2731721f11bc93755c
https://conda.anaconda.org/conda-forge/noarch/exceptiongroup-1.2.2-pyhd8ed1ab_1.conda#a16662747cdeb9abbac74d0057cc976e
https://conda.anaconda.org/conda-forge/noarch/executing-2.1.0-pyhd8ed1ab_1.conda#ef8b5fca76806159fc25b4f48d8737eb
https://conda.anaconda.org/conda-forge/win-64/freetype-2.12.1-hdaf720e_2.conda#3761b23693f768dc75a8fd0a73ca053f
https://conda.anaconda.org/conda-forge/noarch/hpack-4.0.0-pyhd8ed1ab_1.conda#2aa5ff7fa34a81b9196532c84c10d865
https://conda.anaconda.org/conda-forge/noarch/hyperframe-6.0.1-pyhd8ed1ab_1.conda#566e75c90c1d0c8c459eb0ad9833dc7a
https://conda.anaconda.org/conda-forge/noarch/idna-3.10-pyhd8ed1ab_1.conda#39a4f67be3286c86d696df570b1201b7
https://conda.anaconda.org/conda-forge/noarch/iniconfig-2.0.0-pyhd8ed1ab_1.conda#6837f3eff7dcea42ecd714ce1ac2b108
https://conda.anaconda.org/conda-forge/noarch/json5-0.10.0-pyhd8ed1ab_1.conda#cd170f82d8e5b355dfdea6adab23e4af
https://conda.anaconda.org/conda-forge/win-64/jsonpointer-3.0.0-py311h1ea47a8_1.conda#943f7fab631e12750641efd7279a268c
https://conda.anaconda.org/conda-forge/noarch/jupyterlab_widgets-3.0.13-pyhd8ed1ab_1.conda#b26e487434032d7f486277beb0cead3a
https://conda.anaconda.org/conda-forge/win-64/kiwisolver-1.4.7-py311h3257749_0.conda#18fd1ac3d79a8d6550eaea5ceaa00036
https://conda.anaconda.org/conda-forge/win-64/libboost-1.84.0-hb0986bb_7.conda#aa0dc6cc3c5ad6cdd0f40b0e70735ad8
https://conda.anaconda.org/conda-forge/win-64/libclang13-19.1.5-default_ha5278ca_0.conda#630e19cfac398a28661914e52d8d99a0
https://conda.anaconda.org/conda-forge/win-64/libcurl-8.11.1-h88aaa65_0.conda#071d3f18dba5a6a13c6bb70cdb42678f
https://conda.anaconda.org/conda-forge/win-64/libglib-2.82.2-h7025463_0.conda#3e379c1b908a7101ecbc503def24613f
https://conda.anaconda.org/conda-forge/win-64/libhwloc-2.11.2-default_ha69328c_1001.conda#b87a0ac5ab6495d8225db5dc72dd21cd
https://conda.anaconda.org/conda-forge/win-64/libthrift-0.21.0-hbe90ef8_0.conda#7699570e1f97de7001a7107aabf2d677
https://conda.anaconda.org/conda-forge/win-64/libtiff-4.7.0-hdefb170_2.conda#49434938b99a5ba78c9afe573d158c1e
https://conda.anaconda.org/conda-forge/win-64/libxslt-1.1.39-h3df6e99_0.conda#279ee338c9b34871d578cb3c7aa68f70
https://conda.anaconda.org/conda-forge/win-64/llvmlite-0.43.0-py311h7deaa30_1.conda#c59d60615d5c5a9e9539a106478d332c
https://conda.anaconda.org/conda-forge/win-64/make-4.4.1-h0e40799_2.conda#77ff648ad9fec660f261aa8ab0949f62
https://conda.anaconda.org/conda-forge/win-64/marisa-trie-1.2.0-py311hda3d55a_0.conda#e992576f28acbb01a1f1e340efcea69b
https://conda.anaconda.org/conda-forge/win-64/markupsafe-3.0.2-py311h5082efb_1.conda#c1f2ddad665323278952a453912dc3bd
https://conda.anaconda.org/conda-forge/noarch/mdurl-0.1.2-pyhd8ed1ab_1.conda#592132998493b3ff25fd7479396e8351
https://conda.anaconda.org/conda-forge/noarch/mistune-3.0.2-pyhd8ed1ab_1.conda#c46df05cae629e55426773ac1f85d68f
https://conda.anaconda.org/conda-forge/noarch/multimethod-1.9.1-pyhd8ed1ab_0.conda#48223af3f697ccd9b114adb6a66e0f11
https://conda.anaconda.org/conda-forge/noarch/munkres-1.1.4-pyh9f0ad1d_0.tar.bz2#2ba8498c1018c1e9c61eb99b973dfe19
https://conda.anaconda.org/conda-forge/win-64/murmurhash-1.0.10-py311hda3d55a_2.conda#c3327eddd9871b3eda488d2a80033bbf
https://conda.anaconda.org/conda-forge/noarch/mypy_extensions-1.0.0-pyha770c72_1.conda#29097e7ea634a45cc5386b95cac6568f
https://conda.anaconda.org/conda-forge/noarch/narwhals-1.16.0-pyhd8ed1ab_0.conda#ee5eb4183d411474b45defa33d1fc168
https://conda.anaconda.org/conda-forge/noarch/nest-asyncio-1.6.0-pyhd8ed1ab_1.conda#598fd7d4d0de2455fb74f56063969a97
https://conda.anaconda.org/conda-forge/win-64/orc-2.0.3-h303113e_1.conda#ee23cf0b0905156189cfade6b171c2ec
https://conda.anaconda.org/conda-forge/noarch/packaging-24.2-pyhd8ed1ab_2.conda#3bfed7e6228ebf2f7b9eaa47f1b4e2aa
https://conda.anaconda.org/conda-forge/noarch/pandocfilters-1.5.0-pyhd8ed1ab_0.tar.bz2#457c2c8c08e54905d6954e79cb5b5db9
https://conda.anaconda.org/conda-forge/noarch/parso-0.8.4-pyhd8ed1ab_1.conda#5c092057b6badd30f75b06244ecd01c9
https://conda.anaconda.org/conda-forge/noarch/pickleshare-0.7.5-pyhd8ed1ab_1004.conda#11a9d1d09a3615fc07c3faf79bc0b943
https://conda.anaconda.org/conda-forge/noarch/pkgutil-resolve-name-1.3.10-pyhd8ed1ab_2.conda#5a5870a74432aa332f7d32180633ad05
https://conda.anaconda.org/conda-forge/noarch/platformdirs-4.3.6-pyhd8ed1ab_1.conda#577852c7e53901ddccc7e6a9959ddebe
https://conda.anaconda.org/conda-forge/noarch/pluggy-1.5.0-pyhd8ed1ab_1.conda#e9dcbce5f45f9ee500e728ae58b605b6
https://conda.anaconda.org/conda-forge/noarch/prometheus_client-0.21.1-pyhd8ed1ab_0.conda#3e01e386307acc60b2f89af0b2e161aa
https://conda.anaconda.org/conda-forge/win-64/protobuf-5.28.2-py311hda3d55a_0.conda#ebbcb88e6cbbf7d3b45f55c2061d9e59
https://conda.anaconda.org/conda-forge/win-64/psutil-6.1.0-py311he736701_0.conda#307267e6a028bca3382d98e06a372ebf
https://conda.anaconda.org/conda-forge/win-64/pthread-stubs-0.4-h0e40799_1002.conda#3c8f2573569bb816483e5cf57efbbe29
https://conda.anaconda.org/conda-forge/noarch/pure_eval-0.2.3-pyhd8ed1ab_1.conda#3bfdfb8dbcdc4af1ae3f9a8eb3948f04
https://conda.anaconda.org/conda-forge/noarch/pycparser-2.22-pyh29332c3_1.conda#12c566707c80111f9799308d9e265aef
https://conda.anaconda.org/conda-forge/noarch/pygments-2.18.0-pyhd8ed1ab_1.conda#b38dc0206e2a530e5c2cf11dc086b31a
https://conda.anaconda.org/conda-forge/noarch/pyparsing-3.2.0-pyhd8ed1ab_2.conda#4c05a2bcf87bb495512374143b57cf28
https://conda.anaconda.org/conda-forge/noarch/python-fastjsonschema-2.21.1-pyhd8ed1ab_0.conda#38e34d2d1d9dca4fb2b9a0a04f604e2c
https://conda.anaconda.org/conda-forge/noarch/python-json-logger-2.0.7-pyhd8ed1ab_0.conda#a61bf9ec79426938ff785eb69dbb1960
https://conda.anaconda.org/conda-forge/noarch/python-tzdata-2024.2-pyhd8ed1ab_1.conda#c0def296b2f6d2dd7b030c2a7f66bb1f
https://conda.anaconda.org/conda-forge/noarch/pytz-2024.2-pyhd8ed1ab_1.conda#f26ec986456c30f6dff154b670ae140f
https://conda.anaconda.org/conda-forge/win-64/pywin32-307-py311hda3d55a_3.conda#1bc10dbe3b8d03071070c962a2bdf65f
https://conda.anaconda.org/conda-forge/win-64/pywinpty-2.0.14-py311hda3d55a_0.conda#64553b300529aa8987f6ca92c914c844
https://conda.anaconda.org/conda-forge/win-64/pyyaml-6.0.2-py311he736701_1.conda#d0c5f3c595039890be0c9af47d23b9ba
https://conda.anaconda.org/conda-forge/win-64/quarto-1.5.57-h57928b3_1.conda#86eae81af617ec90fe4fba47647ef776
https://conda.anaconda.org/conda-forge/win-64/re2-2024.07.02-hd3b24a8_1.conda#b4abdc84c969587219e7e759116a3e8b
https://conda.anaconda.org/conda-forge/win-64/regex-2024.11.6-py311he736701_0.conda#d6cfb8206caa2c56abfc0ec24b7a858c
https://conda.anaconda.org/conda-forge/noarch/rfc3986-validator-0.1.1-pyh9f0ad1d_0.tar.bz2#912a71cc01012ee38e6b90ddd561e36f
https://conda.anaconda.org/conda-forge/win-64/rpds-py-0.22.3-py311h533ab2d_0.conda#40c964a32833f3ad13ba4183cd180577
https://conda.anaconda.org/conda-forge/noarch/setuptools-75.6.0-pyhff2d567_1.conda#fc80f7995e396cbaeabd23cf46c413dc
https://conda.anaconda.org/conda-forge/noarch/shellingham-1.5.4-pyhd8ed1ab_1.conda#7c3c2a0f3ebdea2bbc35538d162b43bf
https://conda.anaconda.org/conda-forge/noarch/six-1.17.0-pyhd8ed1ab_0.conda#a451d576819089b0d672f18768be0f65
https://conda.anaconda.org/conda-forge/noarch/slicer-0.0.8-pyhd8ed1ab_0.conda#f6f75ceccf92ddb21665b03cfbfa7800
https://conda.anaconda.org/conda-forge/noarch/sniffio-1.3.1-pyhd8ed1ab_1.conda#bf7a226e58dfb8346c70df36065d86c9
https://conda.anaconda.org/conda-forge/noarch/soupsieve-2.5-pyhd8ed1ab_1.conda#3f144b2c34f8cb5a9abd9ed23a39c561
https://conda.anaconda.org/conda-forge/noarch/spacy-legacy-3.0.12-pyhd8ed1ab_0.conda#bbe68ced56ea855f0223c329f1fd2fc0
https://conda.anaconda.org/conda-forge/noarch/spacy-loggers-1.0.5-pyhd8ed1ab_0.conda#017fa97ac8c29416983dc9e67b27f6c8
https://conda.anaconda.org/conda-forge/noarch/tabulate-0.9.0-pyhd8ed1ab_2.conda#959484a66b4b76befcddc4fa97c95567
https://conda.anaconda.org/conda-forge/noarch/tenacity-9.0.0-pyhd8ed1ab_1.conda#a09f66fe95a54a92172e56a4a97ba271
https://conda.anaconda.org/conda-forge/noarch/threadpoolctl-3.5.0-pyhc1e730c_0.conda#df68d78237980a159bd7149f33c0e8fd
https://conda.anaconda.org/conda-forge/noarch/tomli-2.2.1-pyhd8ed1ab_1.conda#ac944244f1fed2eb49bae07193ae8215
https://conda.anaconda.org/conda-forge/win-64/tornado-6.4.2-py311he736701_0.conda#7e33077ce1bc0bf45c45a92e37432f16
https://conda.anaconda.org/conda-forge/noarch/traitlets-5.14.3-pyhd8ed1ab_1.conda#019a7385be9af33791c989871317e1ed
https://conda.anaconda.org/conda-forge/noarch/types-python-dateutil-2.9.0.20241206-pyhd8ed1ab_0.conda#1dbc4a115e2ad9fb7f9d5b68397f66f9
https://conda.anaconda.org/conda-forge/noarch/types-pyyaml-6.0.12.20240917-pyhd8ed1ab_1.conda#c823c98ead56f35b90cf891016bde9cc
https://conda.anaconda.org/conda-forge/noarch/typing_extensions-4.12.2-pyha770c72_1.conda#d17f13df8b65464ca316cbc000a3cb64
https://conda.anaconda.org/conda-forge/noarch/typing_utils-0.1.0-pyhd8ed1ab_1.conda#f6d7aa696c67756a650e91e15e88223c
https://conda.anaconda.org/conda-forge/win-64/unicodedata2-15.1.0-py311he736701_1.conda#6230613721d6d805d0276025ee4d7b2b
https://conda.anaconda.org/conda-forge/noarch/uri-template-1.3.0-pyhd8ed1ab_1.conda#e7cb0f5745e4c5035a460248334af7eb
https://conda.anaconda.org/conda-forge/win-64/vegafusion-python-embed-1.6.9-py311he28bd77_2.conda#b24b98e37a93401f82b15241bba866c9
https://conda.anaconda.org/conda-forge/win-64/vl-convert-python-1.7.0-py311h7b6d46a_1.conda#bf7221ab248d6f405b671357f8159adb
https://conda.anaconda.org/conda-forge/win-64/wasabi-1.1.2-py311h1ea47a8_1.conda#300ac68743a9efdbf24a568aae354f7f
https://conda.anaconda.org/conda-forge/noarch/wcwidth-0.2.13-pyhd8ed1ab_1.conda#b68980f2495d096e71c7fd9d7ccf63e6
https://conda.anaconda.org/conda-forge/noarch/webcolors-24.11.1-pyhd8ed1ab_0.conda#b49f7b291e15494aafb0a7d74806f337
https://conda.anaconda.org/conda-forge/noarch/webencodings-0.5.1-pyhd8ed1ab_3.conda#2841eb5bfc75ce15e9a0054b98dcd64d
https://conda.anaconda.org/conda-forge/noarch/websocket-client-1.8.0-pyhd8ed1ab_1.conda#84f8f77f0a9c6ef401ee96611745da8f
https://conda.anaconda.org/conda-forge/noarch/wheel-0.45.1-pyhd8ed1ab_1.conda#75cb7132eb58d97896e173ef12ac9986
https://conda.anaconda.org/conda-forge/noarch/widgetsnbextension-4.0.13-pyhd8ed1ab_1.conda#237db148cc37a466e4222d589029b53e
https://conda.anaconda.org/conda-forge/noarch/win_inet_pton-1.1.0-pyh7428d3b_8.conda#46e441ba871f524e2b067929da3051c2
https://conda.anaconda.org/conda-forge/win-64/wrapt-1.17.0-py311he736701_0.conda#5adaabe1422ef103e6c6a3f59876d205
https://conda.anaconda.org/conda-forge/win-64/xorg-libxau-1.0.11-h0e40799_1.conda#ca66d6f8fe86dd53664e8de5087ef6b1
https://conda.anaconda.org/conda-forge/win-64/xorg-libxdmcp-1.1.5-h0e40799_0.conda#8393c0f7e7870b4eb45553326f81f0ff
https://conda.anaconda.org/conda-forge/noarch/xyzservices-2024.9.0-pyhd8ed1ab_1.conda#c79cea50b258f652010cb6c8d81591b5
https://conda.anaconda.org/conda-forge/win-64/zeromq-4.3.5-ha9f60a1_7.conda#e03f2c245a5ee6055752465519363b1c
https://conda.anaconda.org/conda-forge/noarch/zipp-3.21.0-pyhd8ed1ab_1.conda#0c3cc595284c5e8f0f9900a9b228a332
https://conda.anaconda.org/conda-forge/noarch/anyio-4.7.0-pyhd8ed1ab_0.conda#c88107912954a983c2caf25f7fd55158
https://conda.anaconda.org/conda-forge/noarch/async-lru-2.0.4-pyhd8ed1ab_1.conda#40c673c7d585623b8f1ee650c8734eb6
https://conda.anaconda.org/conda-forge/win-64/aws-c-event-stream-0.5.0-hc341d5d_10.conda#8f1dd018718bd9bae6ea4f2f2c660789
https://conda.anaconda.org/conda-forge/win-64/aws-c-http-0.9.2-h8528005_3.conda#f8cd24560f64142f4a0b846d4b25df6d
https://conda.anaconda.org/conda-forge/noarch/babel-2.16.0-pyhd8ed1ab_1.conda#3e23f7db93ec14c80525257d8affac28
https://conda.anaconda.org/conda-forge/noarch/beautifulsoup4-4.12.3-pyha770c72_1.conda#d48f7e9fdec44baf6d1da416fe402b04
https://conda.anaconda.org/conda-forge/noarch/bleach-6.2.0-pyhd8ed1ab_1.conda#707af59db75b066217403a8f00c1d826
https://conda.anaconda.org/conda-forge/win-64/brotli-1.1.0-h2466b09_2.conda#378f1c9421775dfe644731cb121c8979
https://conda.anaconda.org/conda-forge/noarch/cached-property-1.5.2-hd8ed1ab_1.tar.bz2#9b347a7ec10940d3f7941ff6c460b551
https://conda.anaconda.org/conda-forge/win-64/cffi-1.17.1-py311he736701_0.conda#e1c69be23bd05471a6c623e91680ad59
https://conda.anaconda.org/conda-forge/noarch/click-8.1.7-win_pyh7428d3b_1.conda#e2afd3b7e37a5363e292a8b33dbef65c
https://conda.anaconda.org/conda-forge/noarch/cloudpathlib-0.20.0-pyhd8ed1ab_0.conda#2ec4c636dfced53f21bc0b2b1e6aa66a
https://conda.anaconda.org/conda-forge/noarch/comm-0.2.2-pyhd8ed1ab_1.conda#74673132601ec2b7fc592755605f4c1b
https://conda.anaconda.org/conda-forge/win-64/fontconfig-2.15.0-h765892d_1.conda#9bb0026a2131b09404c59c4290c697cd
https://conda.anaconda.org/conda-forge/win-64/gts-0.7.6-h6b5321d_4.conda#a41f14768d5e377426ad60c613f2923b
https://conda.anaconda.org/conda-forge/noarch/h11-0.14.0-pyhd8ed1ab_1.conda#7ee49e89531c0dcbba9466f6d115d585
https://conda.anaconda.org/conda-forge/noarch/h2-4.1.0-pyhd8ed1ab_1.conda#825927dc7b0f287ef8d4d0011bb113b1
https://conda.anaconda.org/conda-forge/noarch/importlib-metadata-8.5.0-pyha770c72_1.conda#315607a3030ad5d5227e76e0733798ff
https://conda.anaconda.org/conda-forge/noarch/importlib_resources-6.4.5-pyhd8ed1ab_1.conda#15798fa69312d433af690c8c42b3fb36
https://conda.anaconda.org/conda-forge/noarch/jedi-0.19.2-pyhd8ed1ab_1.conda#a4f4c5dc9b80bc50e0d3dc4e6e8f1bd9
https://conda.anaconda.org/conda-forge/noarch/jinja2-3.1.4-pyhd8ed1ab_1.conda#08cce3151bde4ecad7885bd9fb647532
https://conda.anaconda.org/conda-forge/noarch/joblib-1.4.2-pyhd8ed1ab_1.conda#bf8243ee348f3a10a14ed0cae323e0c1
https://conda.anaconda.org/conda-forge/win-64/jupyter_core-5.7.2-py311h1ea47a8_0.conda#191bcd5e85d4f305510e46893de9ae08
https://conda.anaconda.org/conda-forge/noarch/jupyterlab_pygments-0.3.0-pyhd8ed1ab_2.conda#fd312693df06da3578383232528c468d
https://conda.anaconda.org/conda-forge/noarch/language-data-1.3.0-pyhff2d567_0.conda#03791f1242445cf08900118f5bea86e6
https://conda.anaconda.org/conda-forge/win-64/lcms2-2.16-h67d730c_0.conda#d3592435917b62a8becff3a60db674f6
https://conda.anaconda.org/conda-forge/win-64/libgrpc-1.67.1-h7aa3b8a_0.conda#daad5d4a1c24c1afe748afbb83377e43
https://conda.anaconda.org/conda-forge/win-64/liblightgbm-4.5.0-cpu_hb4e115d_3.conda#43f3769ee985e031461559b9dcc04f65
https://conda.anaconda.org/conda-forge/win-64/libxcb-1.17.0-h0e4246c_0.conda#a69bbf778a462da324489976c84cfc8c
https://conda.anaconda.org/conda-forge/noarch/markdown-it-py-3.0.0-pyhd8ed1ab_1.conda#fee3164ac23dfca50cfcc8b85ddefb81
https://conda.anaconda.org/conda-forge/noarch/matplotlib-inline-0.1.7-pyhd8ed1ab_1.conda#af6ab708897df59bd6e7283ceab1b56b
https://conda.anaconda.org/conda-forge/win-64/openjpeg-2.5.3-h4d64b90_0.conda#fc050366dd0b8313eb797ed1ffef3a29
https://conda.anaconda.org/conda-forge/noarch/overrides-7.7.0-pyhd8ed1ab_0.conda#24fba5a9d161ad8103d4e84c0e1a3ed4
https://conda.anaconda.org/conda-forge/noarch/pip-24.3.1-pyh8b19718_0.conda#5dd546fe99b44fda83963d15f84263b7
https://conda.anaconda.org/conda-forge/noarch/plotly-5.24.1-pyhd8ed1ab_1.conda#71ac632876630091c81c50a05ec5e030
https://conda.anaconda.org/conda-forge/win-64/preshed-3.0.9-py311hda3d55a_2.conda#de2293ab1830e3b76636fcf79cda3ed3
https://conda.anaconda.org/conda-forge/noarch/prompt-toolkit-3.0.48-pyha770c72_1.conda#368d4aa48358439e07a97ae237491785
https://conda.anaconda.org/conda-forge/noarch/psygnal-0.11.1-pyhd8ed1ab_1.conda#086ce04684bf6f06c399d602b53d98e6
https://conda.anaconda.org/conda-forge/noarch/pysocks-1.7.1-pyh09c184e_7.conda#e2fd202833c4a981ce8a65974fe4abd1
https://conda.anaconda.org/conda-forge/noarch/pytest-8.3.4-pyhd8ed1ab_1.conda#799ed216dc6af62520f32aa39bc1c2bb
https://conda.anaconda.org/conda-forge/noarch/python-dateutil-2.9.0.post0-pyhff2d567_1.conda#5ba79d7c71f03c678c8ead841f347d6e
https://conda.anaconda.org/conda-forge/win-64/pyzmq-26.2.0-py311h484c95c_3.conda#4836b00658e11b466b823216f6df2424
https://conda.anaconda.org/conda-forge/noarch/referencing-0.35.1-pyhd8ed1ab_1.conda#8c9083612c1bfe6878715ed5732605f8
https://conda.anaconda.org/conda-forge/noarch/rfc3339-validator-0.1.4-pyhd8ed1ab_1.conda#36de09a8d3e5d5e6f4ee63af49e59706
https://conda.anaconda.org/conda-forge/noarch/send2trash-1.8.3-pyh5737063_1.conda#e6a4e906051565caf5fdae5b0415b654
https://conda.anaconda.org/conda-forge/noarch/singledispatch-3.6.1-pyh44b312d_0.tar.bz2#97dbbff78f872e5eb30a57c050cc4bba
https://conda.anaconda.org/conda-forge/noarch/smart_open-7.0.5-pyhd8ed1ab_1.conda#1be1d9fb41517af182663bdd004bbe6a
https://conda.anaconda.org/conda-forge/win-64/srsly-2.4.8-py311h12c1d0e_1.conda#2e77770bf9820ba788860837fed633d2
https://conda.anaconda.org/conda-forge/noarch/stack_data-0.6.3-pyhd8ed1ab_1.conda#b1b505328da7a6b246787df4b5a49fbc
https://conda.anaconda.org/conda-forge/win-64/tbb-2021.13.0-h62715c5_1.conda#9190dd0a23d925f7602f9628b3aed511
https://conda.anaconda.org/conda-forge/noarch/terminado-0.18.1-pyh5737063_0.conda#4abd500577430a942a995fd0d09b76a2
https://conda.anaconda.org/conda-forge/noarch/tinycss2-1.4.0-pyhd8ed1ab_0.conda#f1acf5fdefa8300de697982bcb1761c9
https://conda.anaconda.org/conda-forge/noarch/tqdm-4.67.1-pyhd8ed1ab_0.conda#4085c9db273a148e149c03627350e22c
https://conda.anaconda.org/conda-forge/noarch/typing-extensions-4.12.2-hd8ed1ab_1.conda#b6a408c64b78ec7b779a3e5c7a902433
https://conda.anaconda.org/conda-forge/noarch/typing_inspect-0.9.0-pyhd8ed1ab_1.conda#fa31df4d4193aabccaf09ce78a187faf
https://conda.anaconda.org/conda-forge/noarch/annotated-types-0.7.0-pyhd8ed1ab_1.conda#2934f256a8acfe48f6ebb4fce6cde29c
https://conda.anaconda.org/conda-forge/win-64/argon2-cffi-bindings-21.2.0-py311he736701_5.conda#8917bf795c40ec1839ed9d0ab3ad9735
https://conda.anaconda.org/conda-forge/noarch/arrow-1.3.0-pyhd8ed1ab_1.conda#46b53236fdd990271b03c3978d4218a9
https://conda.anaconda.org/conda-forge/win-64/aws-c-auth-0.8.0-h2e72d4e_14.conda#80c27d0bd4baafe72fca789d08a69294
https://conda.anaconda.org/conda-forge/win-64/aws-c-mqtt-0.11.0-hf27d0c7_11.conda#d6afb590cb6451110855bcc110293227
https://conda.anaconda.org/conda-forge/win-64/cairo-1.18.2-h5782bbf_1.conda#63ff2bf400dde4fad0bed56debee5c16
https://conda.anaconda.org/conda-forge/win-64/fonttools-4.55.3-py311h5082efb_0.conda#4febde696add58b533b8b262960a0fd1
https://conda.anaconda.org/conda-forge/noarch/fqdn-1.5.1-pyhd8ed1ab_1.conda#d3549fd50d450b6d9e7dddff25dd2110
https://conda.anaconda.org/conda-forge/noarch/httpcore-1.0.7-pyh29332c3_1.conda#2ca8e6dbc86525c8b95e3c0ffa26442e
https://conda.anaconda.org/conda-forge/noarch/ipython-8.30.0-pyh7428d3b_0.conda#6cdaebbc9e3feb2811eb9f52ed0b89e1
https://conda.anaconda.org/conda-forge/noarch/jsonschema-specifications-2024.10.1-pyhd8ed1ab_1.conda#3b519bc21bc80e60b456f1e62962a766
https://conda.anaconda.org/conda-forge/noarch/jupyter_client-8.6.3-pyhd8ed1ab_1.conda#4ebae00eae9705b0c3d6d1018a81d047
https://conda.anaconda.org/conda-forge/noarch/jupyter_server_terminals-0.5.3-pyhd8ed1ab_1.conda#2d983ff1b82a1ccb6f2e9d8784bdd6bd
https://conda.anaconda.org/conda-forge/noarch/langcodes-3.4.1-pyhff2d567_0.conda#d2d4fdab48411ebf40f05dcdcafdab41
https://conda.anaconda.org/conda-forge/win-64/libgoogle-cloud-2.32.0-h07d40e7_0.conda#a2efe439d2c66634bd04a7a9f75a71fb
https://conda.anaconda.org/conda-forge/noarch/mercantile-1.2.1-pyhd8ed1ab_0.tar.bz2#aa20d014b5bd1924727dd86467648a27
https://conda.anaconda.org/conda-forge/win-64/mkl-2024.2.2-h66d3029_14.conda#f011e7cc21918dc9d1efe0209e27fa16
https://conda.anaconda.org/conda-forge/noarch/nltk-3.9.1-pyhd8ed1ab_0.conda#7e580f0694e487c3890d3ce67d5df98c
https://conda.anaconda.org/conda-forge/win-64/pillow-11.0.0-py311h4fbf6a9_0.conda#44897ebc5704d3de316af26740325513
https://conda.anaconda.org/conda-forge/win-64/pydantic-core-2.27.1-py311h533ab2d_0.conda#07c9f9f145f2eb2f8ebef853bfe8bf6a
https://conda.anaconda.org/conda-forge/noarch/rich-13.9.4-pyhd8ed1ab_1.conda#7aed65d4ff222bfb7335997aa40b7da5
https://conda.anaconda.org/conda-forge/noarch/smart-open-7.0.5-hd8ed1ab_1.conda#eb40b9afe929f94071ff0c133a4a43b7
https://conda.anaconda.org/conda-forge/noarch/typeguard-4.4.1-pyhd8ed1ab_1.conda#2de116bbe966ec72715f2423337438dd
https://conda.anaconda.org/conda-forge/noarch/typer-slim-0.15.1-pyhd8ed1ab_0.conda#0218b16f5a1dd569e575a7a6415489db
https://conda.anaconda.org/conda-forge/win-64/watchfiles-1.0.3-py311h533ab2d_0.conda#fb6ee04adb85f909e88cccff252ba323
https://conda.anaconda.org/conda-forge/win-64/xorg-libx11-1.8.10-hf48077a_1.conda#bef0b53f18639d78197a3eee76dcc6ee
https://conda.anaconda.org/conda-forge/win-64/zstandard-0.23.0-py311h53056dc_1.conda#7d4c123cbb5e6293dd4dd2f8d30f0de4
https://conda.anaconda.org/conda-forge/noarch/argon2-cffi-23.1.0-pyhd8ed1ab_1.conda#a7ee488b71c30ada51c48468337b85ba
https://conda.anaconda.org/conda-forge/win-64/aws-c-s3-0.7.5-ha01c143_4.conda#f18c89e1c869964c391883fc623e15bb
https://conda.anaconda.org/conda-forge/win-64/harfbuzz-9.0.0-h2bedf89_1.conda#254f119aaed2c0be271c1114ae18d09b
https://conda.anaconda.org/conda-forge/noarch/httpx-0.28.1-pyhd8ed1ab_0.conda#d6989ead454181f4f9bc987d3dc4e285
https://conda.anaconda.org/conda-forge/noarch/ipykernel-6.29.5-pyh4bbf305_0.conda#18df5fc4944a679e085e0e8f31775fc8
https://conda.anaconda.org/conda-forge/noarch/ipywidgets-8.1.5-pyhd8ed1ab_1.conda#bb19ad65196475ab6d0bb3532d7f8d96
https://conda.anaconda.org/conda-forge/noarch/isoduration-20.11.0-pyhd8ed1ab_1.conda#0b0154421989637d424ccf0f104be51a
https://conda.anaconda.org/conda-forge/noarch/jsonschema-4.23.0-pyhd8ed1ab_1.conda#a3cead9264b331b32fe8f0aabc967522
https://conda.anaconda.org/conda-forge/win-64/libblas-3.9.0-25_win64_mkl.conda#499208e81242efb6e5abc7366c91c816
https://conda.anaconda.org/conda-forge/win-64/libgoogle-cloud-storage-2.32.0-he5eb982_0.conda#bddd7316c6a5cf7902e0f7d341a53d71
https://conda.anaconda.org/conda-forge/noarch/pydantic-2.10.3-pyh3cfb1c2_0.conda#194ef7f91286978521350f171b117f01
https://conda.anaconda.org/conda-forge/noarch/typer-slim-standard-0.15.1-hd8ed1ab_0.conda#4e603c43bfdfc7b533be087c3e070cc9
https://conda.anaconda.org/conda-forge/noarch/urllib3-2.2.3-pyhd8ed1ab_1.conda#4a2d8ef7c37b8808c5b9b750501fffce
https://conda.anaconda.org/conda-forge/win-64/xorg-libice-1.1.1-h0e40799_1.conda#78ef693fed85f1bf30d3a15983427c10
https://conda.anaconda.org/conda-forge/win-64/xorg-libxext-1.3.6-h0e40799_0.conda#4cd74e74f063fb6900d6eed2e9288112
https://conda.anaconda.org/conda-forge/noarch/altair-5.4.1-pyhd8ed1ab_3.conda#1023b24b9c859bf5d9223a202d7e58b9
https://conda.anaconda.org/conda-forge/noarch/anywidget-0.9.13-pyhd8ed1ab_0.conda#5163983551f7a4361b0a6bcc85334e0c
https://conda.anaconda.org/conda-forge/win-64/aws-crt-cpp-0.29.7-h5980654_5.conda#73426ce663ad08643356a9427760291c
https://conda.anaconda.org/conda-forge/win-64/confection-0.1.4-py311h3810d55_0.conda#228c78afa38bb22a9aa497737bf8d282
https://conda.anaconda.org/conda-forge/noarch/jsonschema-with-format-nongpl-4.23.0-hd8ed1ab_1.conda#a5b1a8065857cc4bd8b7a38d063bb728
https://conda.anaconda.org/conda-forge/win-64/libcblas-3.9.0-25_win64_mkl.conda#3ed189ba03a9888a8013aaee0d67c49d
https://conda.anaconda.org/conda-forge/win-64/liblapack-3.9.0-25_win64_mkl.conda#f716ef84564c574e8e74ae725f5d5f93
https://conda.anaconda.org/conda-forge/noarch/nbformat-5.10.4-pyhd8ed1ab_1.conda#bbe1963f1e47f594070ffe87cdf612ea
https://conda.anaconda.org/conda-forge/win-64/pango-1.54.0-h2c73655_3.conda#6e80e05a55fdb557718db61e47792ea8
https://conda.anaconda.org/conda-forge/win-64/qt6-main-6.8.0-hfb098fa_0.conda#053046ca73b71bbcc81c6dc114264d24
https://conda.anaconda.org/conda-forge/noarch/requests-2.31.0-pyhd8ed1ab_0.conda#a30144e4156cdbb236f99ebb49828f8b
https://conda.anaconda.org/conda-forge/noarch/typer-0.15.1-pyhd8ed1ab_0.conda#170a0398946d8f5b454e592672b6fc20
https://conda.anaconda.org/conda-forge/win-64/xorg-libsm-1.2.4-h0e40799_1.conda#27c850e290d5d8c31336c5c5d8d43a88
https://conda.anaconda.org/conda-forge/noarch/altair_tiles-0.3.0-pyhd8ed1ab_0.conda#9ca668f79c5f15812e699913f0a01a4e
https://conda.anaconda.org/conda-forge/win-64/aws-sdk-cpp-1.11.458-h3744a7f_3.conda#536e962d5f60d35602c341623a5326a4
https://conda.anaconda.org/conda-forge/noarch/jupyter_events-0.10.0-pyhd8ed1ab_1.conda#62186e6383f38cc6a3466f0fadde3f2e
https://conda.anaconda.org/conda-forge/noarch/nbclient-0.10.1-pyhd8ed1ab_0.conda#3ee79082e59a28e1db11e2a9c3bcd85a
https://conda.anaconda.org/conda-forge/win-64/numpy-2.0.2-py311h35ffc71_1.conda#4bb6bca8e8c20873b9036643fff8af3b
https://conda.anaconda.org/conda-forge/win-64/pyside6-6.8.0.2-py311h4238720_0.conda#92dc1944a809ba689308a8cbbff5a01e
https://conda.anaconda.org/conda-forge/noarch/responses-0.24.1-pyhd8ed1ab_0.conda#b1b80aaa77d5e83183cd0c9e9025b1fa
https://conda.anaconda.org/conda-forge/noarch/weasel-0.4.1-pyhd8ed1ab_1.conda#0487b5ffdbbee3fbcf3c0df1eb684928
https://conda.anaconda.org/conda-forge/win-64/xorg-libxt-1.3.1-h0e40799_0.conda#31baf0ce8ef19f5617be73aee0527618
https://conda.anaconda.org/conda-forge/win-64/contourpy-1.3.1-py311h3257749_0.conda#91d8504588e1b3c77e605503e5a1bc11
https://conda.anaconda.org/conda-forge/win-64/cython-blis-1.0.1-py311h0a17f05_0.conda#c21e6e720524c8b1c25d8404c54cfca7
https://conda.anaconda.org/conda-forge/win-64/libarrow-18.1.0-h5d48cc5_6_cpu.conda#4b6eb41924761a06b3c7956fb8e780a8
https://conda.anaconda.org/conda-forge/noarch/nbconvert-core-7.16.4-pyhff2d567_2.conda#0457fdf55c88e52e0e7b63691eafcc48
https://conda.anaconda.org/conda-forge/win-64/numba-0.60.0-py311h0673bce_0.conda#5d6eb2107dd921d651e46d059a82ab95
https://conda.anaconda.org/conda-forge/win-64/pandas-2.2.2-py311hcf9f919_1.conda#ec3ed8d602148625469dc13c481f23b5
https://conda.anaconda.org/conda-forge/win-64/scipy-1.14.1-py311hf16d85f_2.conda#8d3393f64df60e48be00d06ccb63bb18
https://conda.anaconda.org/conda-forge/win-64/xorg-libxpm-3.5.17-h0e40799_1.conda#e8b816fb37bc61aa3f1c08034331ef53
https://conda.anaconda.org/conda-forge/noarch/jupyter_server-2.14.2-pyhd8ed1ab_1.conda#81ea84b3212287f926e35b9036192963
https://conda.anaconda.org/conda-forge/win-64/libarrow-acero-18.1.0-h7d8d6a5_6_cpu.conda#e58f6a4004683a77e51507ec947a04a7
https://conda.anaconda.org/conda-forge/win-64/libgd-2.3.3-h085315d_10.conda#ac0cda3730da6013715a0d9e8e677d83
https://conda.anaconda.org/conda-forge/win-64/libparquet-18.1.0-ha850022_6_cpu.conda#da1468876d71667a830e9cc42544fb42
https://conda.anaconda.org/conda-forge/noarch/lightgbm-4.5.0-cpu_py_3.conda#16e2d3cb289b60a0056a05fd34360493
https://conda.anaconda.org/conda-forge/win-64/matplotlib-base-3.9.2-py311h8f1b1e4_2.conda#f7d8036f3808253ae132500eaa8d65d9
https://conda.anaconda.org/conda-forge/noarch/pandera-base-0.20.4-pyhd8ed1ab_0.conda#c2a59e20377cedcfa4a4dfa98fa7f36e
https://conda.anaconda.org/conda-forge/win-64/pyarrow-core-18.1.0-py311hdea38fa_0_cpu.conda#3603acae16694ed5cd689e6980eb0703
https://conda.anaconda.org/conda-forge/win-64/scikit-learn-1.5.2-py311hdcb8d17_1.conda#c3e550b20baa56f911022f6304c8f547
https://conda.anaconda.org/conda-forge/win-64/thinc-8.3.2-py311h9b10771_1.conda#019a108f275635eaad0988ebd56bb6c4
https://conda.anaconda.org/conda-forge/noarch/ucimlrepo-0.0.7-pyhd8ed1ab_0.conda#4e5b5767223c9784b08c907b1d77d7fb
https://conda.anaconda.org/conda-forge/noarch/vega_datasets-0.9.0-pyhd3deb0d_0.tar.bz2#c754e69d9d5de4a69ff0972318349bd0
https://conda.anaconda.org/conda-forge/win-64/graphviz-12.0.0-hb01754f_0.conda#8074641ca215d6f30b6152d9d79f0b9e
https://conda.anaconda.org/conda-forge/noarch/imbalanced-learn-0.12.4-pyhd8ed1ab_0.conda#ff3a89844a091812f71f9aefafd05e36
https://conda.anaconda.org/conda-forge/noarch/jupyter-lsp-2.2.5-pyhd8ed1ab_1.conda#0b4c3908e5a38ea22ebb98ee5888c768
https://conda.anaconda.org/conda-forge/noarch/jupyterlab_server-2.27.3-pyhd8ed1ab_1.conda#9dc4b2b0f41f0de41d27f3293e319357
https://conda.anaconda.org/conda-forge/win-64/libarrow-dataset-18.1.0-h7d8d6a5_6_cpu.conda#c6c3566dc62f3262340fbd117a3cdf60
https://conda.anaconda.org/conda-forge/win-64/matplotlib-3.9.2-py311h1ea47a8_2.conda#cb2afb11b4f7af8a7c8df50e4e51b484
https://conda.anaconda.org/conda-forge/noarch/notebook-shim-0.2.4-pyhd8ed1ab_1.conda#e7f89ea5f7ea9401642758ff50a2d9c1
https://conda.anaconda.org/conda-forge/noarch/pandera-0.20.4-hd8ed1ab_0.conda#1f5a3edcac6b4ebded70e2bd9871a6a8
https://conda.anaconda.org/conda-forge/noarch/py-xgboost-2.1.2-cpu_pyhd3de297_2.conda#583c71795d5709f7b4a15e070a9a03a3
https://conda.anaconda.org/conda-forge/win-64/shap-0.46.0-cuda118py311h9751221_1.conda#237f7668ba4a13eb56a0d38721f81d59
https://conda.anaconda.org/conda-forge/win-64/spacy-3.8.2-py311h9b10771_0.conda#f0b8765042c068097ef3727b8343d2da
https://conda.anaconda.org/conda-forge/noarch/jupyterlab-4.3.3-pyhd8ed1ab_0.conda#0707e62d944a89c365ba11da4898f8af
https://conda.anaconda.org/conda-forge/win-64/libarrow-substrait-18.1.0-h7c2144a_6_cpu.conda#9b053082a8a64c9bd35bd1530b236bc7
https://conda.anaconda.org/conda-forge/noarch/python-graphviz-0.20.3-pyh91182bf_2.conda#f822f0e13849c2283f72ec4aa120eeaa
https://conda.anaconda.org/conda-forge/noarch/xgboost-2.1.2-cpu_pyhac85b48_2.conda#07e2e050dec7ae553e6b7933b2ab4b2c
https://conda.anaconda.org/conda-forge/win-64/catboost-1.2.5-py311h1ea47a8_0.conda#169eb2e8daf5b082b01d960929f54164
https://conda.anaconda.org/conda-forge/noarch/eli5-0.13.0-pyhd8ed1ab_0.tar.bz2#2e1e27d053f16c950e874f6b4b8c3ed1
https://conda.anaconda.org/conda-forge/noarch/notebook-7.3.1-pyhd8ed1ab_0.conda#f663ab5bcc9a28364b7b80aa976ed00f
https://conda.anaconda.org/conda-forge/win-64/pyarrow-18.1.0-py311h1ea47a8_0.conda#3577ae265ed894dc105829e4e0a4f40c
https://conda.anaconda.org/conda-forge/noarch/nb_conda_kernels-2.5.1-pyh7428d3b_2.conda#98cde27e2a499d1948e95eb1f1e569f3
https://conda.anaconda.org/conda-forge/noarch/vegafusion-1.6.9-pyhd8ed1ab_0.conda#6aa7e1d32c66d32b86800e61601ba5c6
https://conda.anaconda.org/conda-forge/noarch/altair-all-5.4.1-pyhd8ed1ab_3.conda#acf4dd481bfb1b9fdceff37dcd4243e5
# pip emoji @ https://files.pythonhosted.org/packages/ef/56/4ddf8b36aa4b52077045b17ffb8958f3360b250df4143d1482d9d5bb54d5/emoji-2.14.0-py3-none-any.whl#sha256=fcc936bf374b1aec67dda5303ae99710ba88cc9cdce2d1a71c5f2204e6d78799
# pip ipython-genutils @ https://files.pythonhosted.org/packages/fa/bc/9bd3b5c2b4774d5f33b2d544f1460be9df7df2fe42f352135381c347c69a/ipython_genutils-0.2.0-py2.py3-none-any.whl#sha256=72dd37233799e619666c9f639a9da83c34013a73e8bbc79a7a6348d93c61fab8
# pip jsonpickle @ https://files.pythonhosted.org/packages/a1/64/815460f86d94c9e1431800a75061719824c6fef14d88a6117eba3126cd5b/jsonpickle-4.0.0-py3-none-any.whl#sha256=53730b9e094bc41f540bfdd25eaf6e6cf43811590e9e1477abcec44b866ddcd9
# pip jupyterlab-widgets @ https://files.pythonhosted.org/packages/1f/73/4f281e0f86bf532baec742da40ededf8b22dc224523e38c638fb6ad91255/jupyterlab_widgets-1.1.11-py3-none-any.whl#sha256=840e538021d87e020a8e7b786597f088431f4ebd8308655555e126c3950a1b27
# pip imageio @ https://files.pythonhosted.org/packages/5c/f9/f78e7f5ac8077c481bf6b43b8bc736605363034b3d5eb3ce8eb79f53f5f1/imageio-2.36.1-py3-none-any.whl#sha256=20abd2cae58e55ca1af8a8dcf43293336a59adf0391f1917bf8518633cfc2cdf
# pip nbconvert @ https://files.pythonhosted.org/packages/b8/bb/bb5b6a515d1584aa2fd89965b11db6632e4bdc69495a52374bcc36e56cfa/nbconvert-7.16.4-py3-none-any.whl#sha256=05873c620fe520b6322bf8a5ad562692343fe3452abda5765c7a34b7d1aa3eb3
# pip pandas @ https://files.pythonhosted.org/packages/2d/5e/9213ea10ac473e2437dc2cb17323ddc0999997e2713d6a0b683b10773994/pandas-2.1.1-cp311-cp311-win_amd64.whl#sha256=b407381258a667df49d58a1b637be33e514b07f9285feb27769cedb3ab3d0b3a
# pip patsy @ https://files.pythonhosted.org/packages/87/2b/b50d3d08ea0fc419c183a84210571eba005328efa62b6b98bc28e9ead32a/patsy-1.0.1-py2.py3-none-any.whl#sha256=751fb38f9e97e62312e921a1954b81e1bb2bcda4f5eeabaf94db251ee791509c
# pip python-utils @ https://files.pythonhosted.org/packages/d4/69/31c82567719b34d8f6b41077732589104883771d182a9f4ff3e71430999a/python_utils-3.9.1-py2.py3-none-any.whl#sha256=0273d7363c7ad4b70999b2791d5ba6b55333d6f7a4e4c8b6b39fb82b5fab4613
# pip scipy @ https://files.pythonhosted.org/packages/26/68/84dbe18583e79e56e4cee8d00232a8dd7d4ae33bc3acf3be1c347991848f/scipy-1.6.1.tar.gz#sha256=c4fceb864890b6168e79b0e714c585dbe2fd4222768ee90bc1aa0f8218691b11
# pip spacymoji @ https://files.pythonhosted.org/packages/3c/5d/cf1f18f9c3a88fc2cd51aad40f7bfeb9657d3c2c937ff950ede3e6029079/spacymoji-3.1.0-py2.py3-none-any.whl#sha256=443df056e4bf23afb1f6ff8a372d9088e02d5eb2bd4a37a51fa0d19c35d0312b
# pip widgetsnbextension @ https://files.pythonhosted.org/packages/93/1b/25d570ee8dce0f2ddadb967d6242cf6e10516db7897c7d9a6e3853b56bfc/widgetsnbextension-3.6.10-py2.py3-none-any.whl#sha256=91a283c2bb50b43ae415dfe69fb026ece0c14e0102987fb53127c7a71e82417d
# pip altair-ally @ https://files.pythonhosted.org/packages/ca/b3/df528cb8c8242485b7f5d4d973fea5233b216486b3e1d2d8b14d92772ddf/altair_ally-0.1.1.tar.gz#sha256=f8b7179fda6335322048f71ec29b827b63f658e8a9fb54426927597eeb1f446e
# pip ipywidgets @ https://files.pythonhosted.org/packages/25/22/f48bd3af0ef7c72dce13f9930a4483acbc7c77373834700296495ea0875f/ipywidgets-7.8.5-py2.py3-none-any.whl#sha256=8055fe314edd4c101a5f1ea230620ef5e315b0ca87f940264b4eac1faf9746ef
# pip pynomaly @ https://files.pythonhosted.org/packages/03/00/0af76dc221eb34f0d98af54024955ddc16080057a69d4c19329811aabc03/PyNomaly-0.3.4-py3-none-any.whl#sha256=e653f1e1c9a70c92170829f7440841e3b004528e1a1bfaea5e830e53fca26822
# pip scikit-learn @ https://files.pythonhosted.org/packages/77/85/bff3a1e818ec6aa3dd466ff4f4b0a727db9fdb41f2e849747ad902ddbe95/scikit_learn-1.3.0-cp311-cp311-win_amd64.whl#sha256=151ac2bf65ccf363664a689b8beafc9e6aae36263db114b4ca06fbbbf827444a
# pip statsmodels @ https://files.pythonhosted.org/packages/c5/87/dfb50b24913cf3164e1ffbc176d36cd8d4e68c673a239cbcf676192a4350/statsmodels-0.14.0-cp311-cp311-win_amd64.whl#sha256=a6ad7b8aadccd4e4dd7f315a07bef1bca41d194eeaf4ec600d20dea02d242fce
# pip category-encoders @ https://files.pythonhosted.org/packages/98/47/598b4bf0ccf6f02915e71bdd23fe846a27adc2d3ba734f2ba5215d8e44f5/category_encoders-2.6.4-py2.py3-none-any.whl#sha256=59f4b541ec787dfdfacc12267e1aff91a1ddc0b756991ec2129d50d6495d6e36
# pip mglearn @ https://files.pythonhosted.org/packages/bb/8b/687d30a3df6b870af541dde6327423e35713e38243db135f57b4ebd054f3/mglearn-0.2.0-py2.py3-none-any.whl#sha256=8d1c57c0beb176b62f27897a1f68dbcaa2cb357f84e8a4924c57f56306b7ebb5
# pip deepchecks @ https://files.pythonhosted.org/packages/53/fa/ca53da26738399100096323d05c71e7f0bab30a4e98f113b900562e8982a/deepchecks-0.18.1-py3-none-any.whl#sha256=747bb47181fcc131d67d39607d9a23c38f51019db7bb8365d5d89cb425b2dd0c
